{
  "object": {
    "pins": [
      {
        "package": "AcknowList",
        "repositoryURL": "https://github.com/vtourraine/AcknowList",
        "state": {
          "branch": null,
          "revision": "dbd9a618e56045ee216ff7f87387d6bd434e5db3",
          "version": "2.0.3"
        }
      },
      {
        "package": "AvailableHapticFeedback",
        "repositoryURL": "https://github.com/yonat/AvailableHapticFeedback",
        "state": {
          "branch": null,
          "revision": "f9ae6d54af1fb06fff0ddb16246091c6de22f989",
          "version": "1.0.2"
        }
      },
      {
        "package": "BarcodeScanner",
        "repositoryURL": "https://github.com/hyperoslo/BarcodeScanner",
        "state": {
          "branch": null,
          "revision": "059cd71c4e3b9efc8d7e42fa1948bf572471b448",
          "version": "5.0.1"
        }
      },
      {
        "package": "Lottie",
        "repositoryURL": "https://github.com/airbnb/lottie-ios",
        "state": {
          "branch": null,
          "revision": "79a0b70547f7c40ea54c67487f935fa2f2eaaadc",
          "version": "3.2.3"
        }
      },
      {
        "package": "MultiSlider",
        "repositoryURL": "https://github.com/yonat/MultiSlider",
        "state": {
          "branch": null,
          "revision": "b09a7bc09fd1858f9535fe6a1d00033d28bee799",
          "version": "1.10.12"
        }
      },
      {
        "package": "NVActivityIndicatorView",
        "repositoryURL": "https://github.com/ninjaprox/NVActivityIndicatorView.git",
        "state": {
          "branch": null,
          "revision": "bcb52371f2259254bac6690f92bb474a61768c47",
          "version": "5.1.1"
        }
      },
      {
        "package": "Parchment",
        "repositoryURL": "https://github.com/rechsteiner/Parchment",
        "state": {
          "branch": null,
          "revision": "2b1a370e71480cb1a95dd56ef8bddc2e0a45e033",
          "version": "3.1.0"
        }
      },
      {
        "package": "SDWebImage",
        "repositoryURL": "https://github.com/SDWebImage/SDWebImage.git",
        "state": {
          "branch": null,
          "revision": "a72df4849408da7e5d3c1b586797b7c601c41d1b",
          "version": "5.12.1"
        }
      },
      {
        "package": "SPAlert",
        "repositoryURL": "https://github.com/varabeis/SPAlert",
        "state": {
          "branch": null,
          "revision": "0c28dc4aa42c4f2c1cef7ad892d5d6ecbb30ebd2",
          "version": "3.0.3"
        }
      },
      {
        "package": "SPM-Acknowledgments",
        "repositoryURL": "https://github.com/timroesner/SPM-Acknowledgments",
        "state": {
          "branch": null,
          "revision": "2920539ece40b29cf2afc0a0d535e9ba0ee82d15",
          "version": "1.0.0"
        }
      },
      {
        "package": "SweeterSwift",
        "repositoryURL": "https://github.com/yonat/SweeterSwift",
        "state": {
          "branch": null,
          "revision": "783afac9c3492e905ab3f5afea4069a737edfc40",
          "version": "1.1.4"
        }
      },
      {
        "package": "SwiftSoup",
        "repositoryURL": "https://github.com/scinfu/SwiftSoup",
        "state": {
          "branch": null,
          "revision": "02c63b7be50bda384f22c56c64d347231754a07e",
          "version": "2.3.3"
        }
      },
      {
        "package": "YoutubePlayer",
        "repositoryURL": "https://github.com/NicholasMata/YoutubePlayer",
        "state": {
          "branch": null,
          "revision": "7e22c09b4b6d9e9ba905c5e8757ecad400cf870a",
          "version": "0.5.5"
        }
      }
    ]
  },
  "version": 1
}
