// !$*UTF8*$!
{
	archiveVersion = 1;
	classes = {
	};
	objectVersion = 52;
	objects = {

/* Begin PBXBuildFile section */
		D313B8052509B61000967AB9 /* SDWebImage in Frameworks */ = {isa = PBXBuildFile; productRef = D313B8042509B61000967AB9 /* SDWebImage */; };
		D31BF69A25073BDB0047C663 /* Main.storyboard in Resources */ = {isa = PBXBuildFile; fileRef = D31BF69925073BDB0047C663 /* Main.storyboard */; };
		D31D72EC24EAFDEF00884B2A /* developers.swift in Sources */ = {isa = PBXBuildFile; fileRef = D31D72EB24EAFDEF00884B2A /* developers.swift */; };
		D31D72EE24EB1D0200884B2A /* Publishers.swift in Sources */ = {isa = PBXBuildFile; fileRef = D31D72ED24EB1D0200884B2A /* Publishers.swift */; };
		D3324523255B9C1000484836 /* PagingDetailVC.swift in Sources */ = {isa = PBXBuildFile; fileRef = D3324522255B9C1000484836 /* PagingDetailVC.swift */; };
		D3324529255BA70800484836 /* Parchment in Frameworks */ = {isa = PBXBuildFile; productRef = D3324528255BA70800484836 /* Parchment */; };
		D339252A24D90DFF00BA3D25 /* GamesDBByPlatform.swift in Sources */ = {isa = PBXBuildFile; fileRef = D339252924D90DFF00BA3D25 /* GamesDBByPlatform.swift */; };
		D339252C24DA77C500BA3D25 /* Networking.swift in Sources */ = {isa = PBXBuildFile; fileRef = D339252B24DA77C500BA3D25 /* Networking.swift */; };
		D35D2D33254400690079121C /* FilterVC.swift in Sources */ = {isa = PBXBuildFile; fileRef = D35D2D32254400690079121C /* FilterVC.swift */; };
		D35D2D35254400A60079121C /* FilterVCTableViewCell.swift in Sources */ = {isa = PBXBuildFile; fileRef = D35D2D34254400A60079121C /* FilterVCTableViewCell.swift */; };
		D35F2CA125183ECB0050CBF5 /* TheGamesDB.swift in Sources */ = {isa = PBXBuildFile; fileRef = D35F2CA025183ECB0050CBF5 /* TheGamesDB.swift */; };
		D36614F125154B0A0065854B /* Realm.framework in Frameworks */ = {isa = PBXBuildFile; fileRef = D3BF64A4251535C300C42773 /* Realm.framework */; };
		D36614F225154B0A0065854B /* Realm.framework in Embed Frameworks */ = {isa = PBXBuildFile; fileRef = D3BF64A4251535C300C42773 /* Realm.framework */; settings = {ATTRIBUTES = (CodeSignOnCopy, RemoveHeadersOnCopy, ); }; };
		D36614F325154B0A0065854B /* RealmSwift.framework in Frameworks */ = {isa = PBXBuildFile; fileRef = D3BF64A8251535C700C42773 /* RealmSwift.framework */; };
		D36614F425154B0A0065854B /* RealmSwift.framework in Embed Frameworks */ = {isa = PBXBuildFile; fileRef = D3BF64A8251535C700C42773 /* RealmSwift.framework */; settings = {ATTRIBUTES = (CodeSignOnCopy, RemoveHeadersOnCopy, ); }; };
		D37210242533E927004751A5 /* OwnedGamesViewController.swift in Sources */ = {isa = PBXBuildFile; fileRef = D37210232533E927004751A5 /* OwnedGamesViewController.swift */; };
		D37210262533EF1A004751A5 /* OwnedGamesVCTableViewCell.swift in Sources */ = {isa = PBXBuildFile; fileRef = D37210252533EF1A004751A5 /* OwnedGamesVCTableViewCell.swift */; };
		D372102825340D86004751A5 /* ImageBaseURLs.swift in Sources */ = {isa = PBXBuildFile; fileRef = D372102725340D86004751A5 /* ImageBaseURLs.swift */; };
		D3728777254F39BA006F28A8 /* NVActivityIndicatorView in Frameworks */ = {isa = PBXBuildFile; productRef = D3728776254F39BA006F28A8 /* NVActivityIndicatorView */; };
		D3728779254F39BA006F28A8 /* NVActivityIndicatorViewExtended in Frameworks */ = {isa = PBXBuildFile; productRef = D3728778254F39BA006F28A8 /* NVActivityIndicatorViewExtended */; };
		D374D043253E802B005CD5C5 /* OwnedGamesVC+CoreData.swift in Sources */ = {isa = PBXBuildFile; fileRef = D374D042253E802B005CD5C5 /* OwnedGamesVC+CoreData.swift */; };
		D374D04D2540CC34005CD5C5 /* PlatformsTableViewCell.swift in Sources */ = {isa = PBXBuildFile; fileRef = D374D04C2540CC34005CD5C5 /* PlatformsTableViewCell.swift */; };
		D374D04F2540CD40005CD5C5 /* PlatformsVC.swift in Sources */ = {isa = PBXBuildFile; fileRef = D374D04E2540CD40005CD5C5 /* PlatformsVC.swift */; };
		D374D051254102B8005CD5C5 /* PlatformsVC+CoreData.swift in Sources */ = {isa = PBXBuildFile; fileRef = D374D050254102B7005CD5C5 /* PlatformsVC+CoreData.swift */; };
		D37A680425049E8500DF706D /* CoverImageCollectionViewCell.swift in Sources */ = {isa = PBXBuildFile; fileRef = D37A680325049E8500DF706D /* CoverImageCollectionViewCell.swift */; };
		D37F78B12549DE6B00FA1AB2 /* MultiSlider in Frameworks */ = {isa = PBXBuildFile; productRef = D37F78B02549DE6B00FA1AB2 /* MultiSlider */; };
		D37F78BE254A813A00FA1AB2 /* SavedGames+CoreDataClass.swift in Sources */ = {isa = PBXBuildFile; fileRef = D37F78BA254A813A00FA1AB2 /* SavedGames+CoreDataClass.swift */; };
		D37F78BF254A813A00FA1AB2 /* SavedGames+CoreDataProperties.swift in Sources */ = {isa = PBXBuildFile; fileRef = D37F78BB254A813A00FA1AB2 /* SavedGames+CoreDataProperties.swift */; };
		D37F78C0254A813A00FA1AB2 /* Platform+CoreDataClass.swift in Sources */ = {isa = PBXBuildFile; fileRef = D37F78BC254A813A00FA1AB2 /* Platform+CoreDataClass.swift */; };
		D37F78C1254A813A00FA1AB2 /* Platform+CoreDataProperties.swift in Sources */ = {isa = PBXBuildFile; fileRef = D37F78BD254A813A00FA1AB2 /* Platform+CoreDataProperties.swift */; };
		D37F78C3254B2F6C00FA1AB2 /* PlayerFilterVC.swift in Sources */ = {isa = PBXBuildFile; fileRef = D37F78C2254B2F6C00FA1AB2 /* PlayerFilterVC.swift */; };
		D3812EEA2418140700F0B8F2 /* DetailViewController.swift in Sources */ = {isa = PBXBuildFile; fileRef = D3812EE92418140700F0B8F2 /* DetailViewController.swift */; };
		D3812EEC2418144800F0B8F2 /* ViewController.swift in Sources */ = {isa = PBXBuildFile; fileRef = D3812EEB2418144800F0B8F2 /* ViewController.swift */; };
		D3812EEE2418170200F0B8F2 /* GameStats.swift in Sources */ = {isa = PBXBuildFile; fileRef = D3812EED2418170200F0B8F2 /* GameStats.swift */; };
		D3877C872430096A006865FB /* ViewControllerTableViewCell.swift in Sources */ = {isa = PBXBuildFile; fileRef = D3877C862430096A006865FB /* ViewControllerTableViewCell.swift */; };
		D3877C8924304094006865FB /* DetailVCCollectionViewCell.swift in Sources */ = {isa = PBXBuildFile; fileRef = D3877C8824304094006865FB /* DetailVCCollectionViewCell.swift */; };
		D38932B6242682CB00C10B54 /* NetworkService.swift in Sources */ = {isa = PBXBuildFile; fileRef = D38932B5242682CB00C10B54 /* NetworkService.swift */; };
		D389B570241005B900B8BA54 /* AppDelegate.swift in Sources */ = {isa = PBXBuildFile; fileRef = D389B56F241005B900B8BA54 /* AppDelegate.swift */; };
		D389B572241005B900B8BA54 /* SceneDelegate.swift in Sources */ = {isa = PBXBuildFile; fileRef = D389B571241005B900B8BA54 /* SceneDelegate.swift */; };
		D389B579241005C000B8BA54 /* Assets.xcassets in Resources */ = {isa = PBXBuildFile; fileRef = D389B578241005C000B8BA54 /* Assets.xcassets */; };
		D389B57C241005C000B8BA54 /* LaunchScreen.storyboard in Resources */ = {isa = PBXBuildFile; fileRef = D389B57A241005C000B8BA54 /* LaunchScreen.storyboard */; };
		D38C4875253B5FDE00DE93BC /* Collector.xcdatamodeld in Sources */ = {isa = PBXBuildFile; fileRef = D38C4873253B5FDE00DE93BC /* Collector.xcdatamodeld */; };
		D38FF0322538A8A5006903DB /* Platforms.swift in Sources */ = {isa = PBXBuildFile; fileRef = D38FF0312538A8A5006903DB /* Platforms.swift */; };
		D3959705243E33DD00ED4931 /* ScreenScraper.swift in Sources */ = {isa = PBXBuildFile; fileRef = D3959704243E33DD00ED4931 /* ScreenScraper.swift */; };
		D3959707243EC92B00ED4931 /* GamesDBGameInfo.swift in Sources */ = {isa = PBXBuildFile; fileRef = D3959706243EC92B00ED4931 /* GamesDBGameInfo.swift */; };
		D39EDC772501E7BC0057BA05 /* CoverImageViewController.swift in Sources */ = {isa = PBXBuildFile; fileRef = D39EDC762501E7BC0057BA05 /* CoverImageViewController.swift */; };
		D3AFF6792462403E00DA8EB0 /* Constants.swift in Sources */ = {isa = PBXBuildFile; fileRef = D3AFF6782462403E00DA8EB0 /* Constants.swift */; };
		D3B1CB01243F859600B968F9 /* GamesDBImages.swift in Sources */ = {isa = PBXBuildFile; fileRef = D3B1CB00243F859600B968F9 /* GamesDBImages.swift */; };
		D3B97ADF24EDA35B003CA7D1 /* Common.swift in Sources */ = {isa = PBXBuildFile; fileRef = D3B97ADE24EDA35B003CA7D1 /* Common.swift */; };
		D3C2E761245E83F700F82332 /* Constants.swift in Sources */ = {isa = PBXBuildFile; fileRef = D3C2E760245E83F700F82332 /* Constants.swift */; };
		D3D4BC9825492D0100108A44 /* AgeRangeVC.swift in Sources */ = {isa = PBXBuildFile; fileRef = D3D4BC9725492D0100108A44 /* AgeRangeVC.swift */; };
		D3DACCE7250F417A00583999 /* TableViewCell.xib in Resources */ = {isa = PBXBuildFile; fileRef = D3DACCE6250F417A00583999 /* TableViewCell.xib */; };
		D3E92ECA24FE19AC00F331BE /* WebKit.framework in Frameworks */ = {isa = PBXBuildFile; fileRef = D3E92EC924FE19AC00F331BE /* WebKit.framework */; };
		D3ED06B324E233BC0044FB68 /* Genre.swift in Sources */ = {isa = PBXBuildFile; fileRef = D3ED06B224E233BC0044FB68 /* Genre.swift */; };
		D3F0CABC2528E4E90083681F /* PersistenceManager.swift in Sources */ = {isa = PBXBuildFile; fileRef = D3F0CABB2528E4E90083681F /* PersistenceManager.swift */; };
		D3F0CABE2529A2C10083681F /* ViewController+CoreData.swift in Sources */ = {isa = PBXBuildFile; fileRef = D3F0CABD2529A2C10083681F /* ViewController+CoreData.swift */; };
		D3F0CAC02529A2E30083681F /* ViewController+Delegates.swift in Sources */ = {isa = PBXBuildFile; fileRef = D3F0CABF2529A2E30083681F /* ViewController+Delegates.swift */; };
/* End PBXBuildFile section */

/* Begin PBXCopyFilesBuildPhase section */
		D36614F525154B0A0065854B /* Embed Frameworks */ = {
			isa = PBXCopyFilesBuildPhase;
			buildActionMask = 2147483647;
			dstPath = "";
			dstSubfolderSpec = 10;
			files = (
				D36614F425154B0A0065854B /* RealmSwift.framework in Embed Frameworks */,
				D36614F225154B0A0065854B /* Realm.framework in Embed Frameworks */,
			);
			name = "Embed Frameworks";
			runOnlyForDeploymentPostprocessing = 0;
		};
/* End PBXCopyFilesBuildPhase section */

/* Begin PBXFileReference section */
		D31BF69925073BDB0047C663 /* Main.storyboard */ = {isa = PBXFileReference; fileEncoding = 4; lastKnownFileType = file.storyboard; path = Main.storyboard; sourceTree = "<group>"; };
		D31D72EB24EAFDEF00884B2A /* developers.swift */ = {isa = PBXFileReference; lastKnownFileType = sourcecode.swift; path = developers.swift; sourceTree = "<group>"; };
		D31D72ED24EB1D0200884B2A /* Publishers.swift */ = {isa = PBXFileReference; lastKnownFileType = sourcecode.swift; path = Publishers.swift; sourceTree = "<group>"; };
		D3324522255B9C1000484836 /* PagingDetailVC.swift */ = {isa = PBXFileReference; lastKnownFileType = sourcecode.swift; path = PagingDetailVC.swift; sourceTree = "<group>"; };
		D339252924D90DFF00BA3D25 /* GamesDBByPlatform.swift */ = {isa = PBXFileReference; lastKnownFileType = sourcecode.swift; path = GamesDBByPlatform.swift; sourceTree = "<group>"; };
		D339252B24DA77C500BA3D25 /* Networking.swift */ = {isa = PBXFileReference; lastKnownFileType = sourcecode.swift; path = Networking.swift; sourceTree = "<group>"; };
		D35D2D32254400690079121C /* FilterVC.swift */ = {isa = PBXFileReference; lastKnownFileType = sourcecode.swift; path = FilterVC.swift; sourceTree = "<group>"; };
		D35D2D34254400A60079121C /* FilterVCTableViewCell.swift */ = {isa = PBXFileReference; lastKnownFileType = sourcecode.swift; path = FilterVCTableViewCell.swift; sourceTree = "<group>"; };
		D35F2CA025183ECB0050CBF5 /* TheGamesDB.swift */ = {isa = PBXFileReference; lastKnownFileType = sourcecode.swift; path = TheGamesDB.swift; sourceTree = "<group>"; };
		D37210232533E927004751A5 /* OwnedGamesViewController.swift */ = {isa = PBXFileReference; lastKnownFileType = sourcecode.swift; path = OwnedGamesViewController.swift; sourceTree = "<group>"; };
		D37210252533EF1A004751A5 /* OwnedGamesVCTableViewCell.swift */ = {isa = PBXFileReference; lastKnownFileType = sourcecode.swift; path = OwnedGamesVCTableViewCell.swift; sourceTree = "<group>"; };
		D372102725340D86004751A5 /* ImageBaseURLs.swift */ = {isa = PBXFileReference; lastKnownFileType = sourcecode.swift; path = ImageBaseURLs.swift; sourceTree = "<group>"; };
		D374D042253E802B005CD5C5 /* OwnedGamesVC+CoreData.swift */ = {isa = PBXFileReference; lastKnownFileType = sourcecode.swift; path = "OwnedGamesVC+CoreData.swift"; sourceTree = "<group>"; };
		D374D04C2540CC34005CD5C5 /* PlatformsTableViewCell.swift */ = {isa = PBXFileReference; lastKnownFileType = sourcecode.swift; path = PlatformsTableViewCell.swift; sourceTree = "<group>"; };
		D374D04E2540CD40005CD5C5 /* PlatformsVC.swift */ = {isa = PBXFileReference; lastKnownFileType = sourcecode.swift; path = PlatformsVC.swift; sourceTree = "<group>"; };
		D374D050254102B7005CD5C5 /* PlatformsVC+CoreData.swift */ = {isa = PBXFileReference; lastKnownFileType = sourcecode.swift; path = "PlatformsVC+CoreData.swift"; sourceTree = "<group>"; };
		D37A680325049E8500DF706D /* CoverImageCollectionViewCell.swift */ = {isa = PBXFileReference; lastKnownFileType = sourcecode.swift; path = CoverImageCollectionViewCell.swift; sourceTree = "<group>"; };
		D37F78BA254A813A00FA1AB2 /* SavedGames+CoreDataClass.swift */ = {isa = PBXFileReference; lastKnownFileType = sourcecode.swift; path = "SavedGames+CoreDataClass.swift"; sourceTree = "<group>"; };
		D37F78BB254A813A00FA1AB2 /* SavedGames+CoreDataProperties.swift */ = {isa = PBXFileReference; lastKnownFileType = sourcecode.swift; path = "SavedGames+CoreDataProperties.swift"; sourceTree = "<group>"; };
		D37F78BC254A813A00FA1AB2 /* Platform+CoreDataClass.swift */ = {isa = PBXFileReference; lastKnownFileType = sourcecode.swift; path = "Platform+CoreDataClass.swift"; sourceTree = "<group>"; };
		D37F78BD254A813A00FA1AB2 /* Platform+CoreDataProperties.swift */ = {isa = PBXFileReference; lastKnownFileType = sourcecode.swift; path = "Platform+CoreDataProperties.swift"; sourceTree = "<group>"; };
		D37F78C2254B2F6C00FA1AB2 /* PlayerFilterVC.swift */ = {isa = PBXFileReference; lastKnownFileType = sourcecode.swift; path = PlayerFilterVC.swift; sourceTree = "<group>"; };
		D3812EE92418140700F0B8F2 /* DetailViewController.swift */ = {isa = PBXFileReference; fileEncoding = 4; lastKnownFileType = sourcecode.swift; path = DetailViewController.swift; sourceTree = "<group>"; };
		D3812EEB2418144800F0B8F2 /* ViewController.swift */ = {isa = PBXFileReference; lastKnownFileType = sourcecode.swift; path = ViewController.swift; sourceTree = "<group>"; };
		D3812EED2418170200F0B8F2 /* GameStats.swift */ = {isa = PBXFileReference; lastKnownFileType = sourcecode.swift; path = GameStats.swift; sourceTree = "<group>"; };
		D3877C862430096A006865FB /* ViewControllerTableViewCell.swift */ = {isa = PBXFileReference; lastKnownFileType = sourcecode.swift; path = ViewControllerTableViewCell.swift; sourceTree = "<group>"; };
		D3877C8824304094006865FB /* DetailVCCollectionViewCell.swift */ = {isa = PBXFileReference; lastKnownFileType = sourcecode.swift; path = DetailVCCollectionViewCell.swift; sourceTree = "<group>"; };
		D38932B5242682CB00C10B54 /* NetworkService.swift */ = {isa = PBXFileReference; lastKnownFileType = sourcecode.swift; path = NetworkService.swift; sourceTree = "<group>"; };
		D389B56C241005B900B8BA54 /* collector.app */ = {isa = PBXFileReference; explicitFileType = wrapper.application; includeInIndex = 0; path = collector.app; sourceTree = BUILT_PRODUCTS_DIR; };
		D389B56F241005B900B8BA54 /* AppDelegate.swift */ = {isa = PBXFileReference; lastKnownFileType = sourcecode.swift; path = AppDelegate.swift; sourceTree = "<group>"; };
		D389B571241005B900B8BA54 /* SceneDelegate.swift */ = {isa = PBXFileReference; lastKnownFileType = sourcecode.swift; path = SceneDelegate.swift; sourceTree = "<group>"; };
		D389B578241005C000B8BA54 /* Assets.xcassets */ = {isa = PBXFileReference; lastKnownFileType = folder.assetcatalog; path = Assets.xcassets; sourceTree = "<group>"; };
		D389B57B241005C000B8BA54 /* Base */ = {isa = PBXFileReference; lastKnownFileType = file.storyboard; name = Base; path = Base.lproj/LaunchScreen.storyboard; sourceTree = "<group>"; };
		D389B57D241005C000B8BA54 /* Info.plist */ = {isa = PBXFileReference; lastKnownFileType = text.plist.xml; path = Info.plist; sourceTree = "<group>"; };
		D38C4874253B5FDE00DE93BC /* Collector 2.xcdatamodel */ = {isa = PBXFileReference; lastKnownFileType = wrapper.xcdatamodel; path = "Collector 2.xcdatamodel"; sourceTree = "<group>"; };
		D38FF0312538A8A5006903DB /* Platforms.swift */ = {isa = PBXFileReference; lastKnownFileType = sourcecode.swift; path = Platforms.swift; sourceTree = "<group>"; };
		D3959704243E33DD00ED4931 /* ScreenScraper.swift */ = {isa = PBXFileReference; lastKnownFileType = sourcecode.swift; path = ScreenScraper.swift; sourceTree = "<group>"; };
		D3959706243EC92B00ED4931 /* GamesDBGameInfo.swift */ = {isa = PBXFileReference; lastKnownFileType = sourcecode.swift; path = GamesDBGameInfo.swift; sourceTree = "<group>"; };
		D39EDC762501E7BC0057BA05 /* CoverImageViewController.swift */ = {isa = PBXFileReference; lastKnownFileType = sourcecode.swift; path = CoverImageViewController.swift; sourceTree = "<group>"; };
		D3AFF6782462403E00DA8EB0 /* Constants.swift */ = {isa = PBXFileReference; lastKnownFileType = sourcecode.swift; path = Constants.swift; sourceTree = "<group>"; };
		D3B1CB00243F859600B968F9 /* GamesDBImages.swift */ = {isa = PBXFileReference; lastKnownFileType = sourcecode.swift; path = GamesDBImages.swift; sourceTree = "<group>"; };
		D3B97ADE24EDA35B003CA7D1 /* Common.swift */ = {isa = PBXFileReference; lastKnownFileType = sourcecode.swift; path = Common.swift; sourceTree = "<group>"; };
		D3BF64A4251535C300C42773 /* Realm.framework */ = {isa = PBXFileReference; lastKnownFileType = wrapper.framework; name = Realm.framework; path = "../../../Downloads/realm-swift-5.4.2/ios/swift-12.0/Realm.framework"; sourceTree = "<group>"; };
		D3BF64A8251535C700C42773 /* RealmSwift.framework */ = {isa = PBXFileReference; lastKnownFileType = wrapper.framework; name = RealmSwift.framework; path = "../../../Downloads/realm-swift-5.4.2/ios/swift-12.0/RealmSwift.framework"; sourceTree = "<group>"; };
		D3C2E760245E83F700F82332 /* Constants.swift */ = {isa = PBXFileReference; lastKnownFileType = sourcecode.swift; path = Constants.swift; sourceTree = "<group>"; };
		D3D4BC9725492D0100108A44 /* AgeRangeVC.swift */ = {isa = PBXFileReference; lastKnownFileType = sourcecode.swift; path = AgeRangeVC.swift; sourceTree = "<group>"; };
		D3DACCE6250F417A00583999 /* TableViewCell.xib */ = {isa = PBXFileReference; lastKnownFileType = file.xib; path = TableViewCell.xib; sourceTree = "<group>"; };
		D3E92EC924FE19AC00F331BE /* WebKit.framework */ = {isa = PBXFileReference; lastKnownFileType = wrapper.framework; name = WebKit.framework; path = System/Library/Frameworks/WebKit.framework; sourceTree = SDKROOT; };
		D3ED06B224E233BC0044FB68 /* Genre.swift */ = {isa = PBXFileReference; lastKnownFileType = sourcecode.swift; path = Genre.swift; sourceTree = "<group>"; };
		D3F0CABB2528E4E90083681F /* PersistenceManager.swift */ = {isa = PBXFileReference; lastKnownFileType = sourcecode.swift; path = PersistenceManager.swift; sourceTree = "<group>"; };
		D3F0CABD2529A2C10083681F /* ViewController+CoreData.swift */ = {isa = PBXFileReference; lastKnownFileType = sourcecode.swift; path = "ViewController+CoreData.swift"; sourceTree = "<group>"; };
		D3F0CABF2529A2E30083681F /* ViewController+Delegates.swift */ = {isa = PBXFileReference; lastKnownFileType = sourcecode.swift; path = "ViewController+Delegates.swift"; sourceTree = "<group>"; };
/* End PBXFileReference section */

/* Begin PBXFrameworksBuildPhase section */
		D389B569241005B900B8BA54 /* Frameworks */ = {
			isa = PBXFrameworksBuildPhase;
			buildActionMask = 2147483647;
			files = (
				D3728779254F39BA006F28A8 /* NVActivityIndicatorViewExtended in Frameworks */,
				D36614F125154B0A0065854B /* Realm.framework in Frameworks */,
				D313B8052509B61000967AB9 /* SDWebImage in Frameworks */,
				D3324529255BA70800484836 /* Parchment in Frameworks */,
				D3728777254F39BA006F28A8 /* NVActivityIndicatorView in Frameworks */,
				D36614F325154B0A0065854B /* RealmSwift.framework in Frameworks */,
				D3E92ECA24FE19AC00F331BE /* WebKit.framework in Frameworks */,
				D37F78B12549DE6B00FA1AB2 /* MultiSlider in Frameworks */,
			);
			runOnlyForDeploymentPostprocessing = 0;
		};
/* End PBXFrameworksBuildPhase section */

/* Begin PBXGroup section */
		D3056A4E251568B5006935EF /* Model */ = {
			isa = PBXGroup;
			children = (
				D339252B24DA77C500BA3D25 /* Networking.swift */,
				D3B97ADE24EDA35B003CA7D1 /* Common.swift */,
				D35F2CA025183ECB0050CBF5 /* TheGamesDB.swift */,
				D31D72ED24EB1D0200884B2A /* Publishers.swift */,
				D31D72EB24EAFDEF00884B2A /* developers.swift */,
				D3ED06B224E233BC0044FB68 /* Genre.swift */,
				D38FF0312538A8A5006903DB /* Platforms.swift */,
				D3959706243EC92B00ED4931 /* GamesDBGameInfo.swift */,
				D3B1CB00243F859600B968F9 /* GamesDBImages.swift */,
				D3812EED2418170200F0B8F2 /* GameStats.swift */,
				D339252924D90DFF00BA3D25 /* GamesDBByPlatform.swift */,
				D3959704243E33DD00ED4931 /* ScreenScraper.swift */,
			);
			path = Model;
			sourceTree = "<group>";
		};
		D3056A50251568ED006935EF /* View */ = {
			isa = PBXGroup;
			children = (
				D31BF69925073BDB0047C663 /* Main.storyboard */,
				D3DACCE6250F417A00583999 /* TableViewCell.xib */,
				D3877C862430096A006865FB /* ViewControllerTableViewCell.swift */,
				D37A680325049E8500DF706D /* CoverImageCollectionViewCell.swift */,
				D3877C8824304094006865FB /* DetailVCCollectionViewCell.swift */,
				D37210252533EF1A004751A5 /* OwnedGamesVCTableViewCell.swift */,
				D374D04C2540CC34005CD5C5 /* PlatformsTableViewCell.swift */,
				D35D2D34254400A60079121C /* FilterVCTableViewCell.swift */,
			);
			path = View;
			sourceTree = "<group>";
		};
		D3056A51251568F8006935EF /* Controller */ = {
			isa = PBXGroup;
			children = (
				D3812EEB2418144800F0B8F2 /* ViewController.swift */,
				D3F0CABD2529A2C10083681F /* ViewController+CoreData.swift */,
				D3F0CABF2529A2E30083681F /* ViewController+Delegates.swift */,
				D3812EE92418140700F0B8F2 /* DetailViewController.swift */,
				D39EDC762501E7BC0057BA05 /* CoverImageViewController.swift */,
				D3324522255B9C1000484836 /* PagingDetailVC.swift */,
				D37210232533E927004751A5 /* OwnedGamesViewController.swift */,
				D374D042253E802B005CD5C5 /* OwnedGamesVC+CoreData.swift */,
				D374D050254102B7005CD5C5 /* PlatformsVC+CoreData.swift */,
				D374D04E2540CD40005CD5C5 /* PlatformsVC.swift */,
				D35D2D32254400690079121C /* FilterVC.swift */,
				D3D4BC9725492D0100108A44 /* AgeRangeVC.swift */,
				D37F78C2254B2F6C00FA1AB2 /* PlayerFilterVC.swift */,
			);
			path = Controller;
			sourceTree = "<group>";
		};
		D389B563241005B900B8BA54 = {
			isa = PBXGroup;
			children = (
				D37F78BA254A813A00FA1AB2 /* SavedGames+CoreDataClass.swift */,
				D37F78BB254A813A00FA1AB2 /* SavedGames+CoreDataProperties.swift */,
				D37F78BC254A813A00FA1AB2 /* Platform+CoreDataClass.swift */,
				D37F78BD254A813A00FA1AB2 /* Platform+CoreDataProperties.swift */,
				D389B56E241005B900B8BA54 /* collector */,
				D389B56D241005B900B8BA54 /* Products */,
				D3E92EC824FE19AC00F331BE /* Frameworks */,
			);
			sourceTree = "<group>";
		};
		D389B56D241005B900B8BA54 /* Products */ = {
			isa = PBXGroup;
			children = (
				D389B56C241005B900B8BA54 /* collector.app */,
			);
			name = Products;
			sourceTree = "<group>";
		};
		D389B56E241005B900B8BA54 /* collector */ = {
			isa = PBXGroup;
			children = (
				D3056A4E251568B5006935EF /* Model */,
				D3056A50251568ED006935EF /* View */,
				D3056A51251568F8006935EF /* Controller */,
				D389B56F241005B900B8BA54 /* AppDelegate.swift */,
				D3F0CABB2528E4E90083681F /* PersistenceManager.swift */,
				D38C4873253B5FDE00DE93BC /* Collector.xcdatamodeld */,
				D38932B5242682CB00C10B54 /* NetworkService.swift */,
				D372102725340D86004751A5 /* ImageBaseURLs.swift */,
				D3AFF6782462403E00DA8EB0 /* Constants.swift */,
				D3C2E760245E83F700F82332 /* Constants.swift */,
				D389B571241005B900B8BA54 /* SceneDelegate.swift */,
				D389B578241005C000B8BA54 /* Assets.xcassets */,
				D389B57A241005C000B8BA54 /* LaunchScreen.storyboard */,
				D389B57D241005C000B8BA54 /* Info.plist */,
			);
			path = collector;
			sourceTree = "<group>";
		};
		D3E92EC824FE19AC00F331BE /* Frameworks */ = {
			isa = PBXGroup;
			children = (
				D3BF64A8251535C700C42773 /* RealmSwift.framework */,
				D3BF64A4251535C300C42773 /* Realm.framework */,
				D3E92EC924FE19AC00F331BE /* WebKit.framework */,
			);
			name = Frameworks;
			sourceTree = "<group>";
		};
/* End PBXGroup section */

/* Begin PBXNativeTarget section */
		D389B56B241005B900B8BA54 /* collector */ = {
			isa = PBXNativeTarget;
			buildConfigurationList = D389B580241005C000B8BA54 /* Build configuration list for PBXNativeTarget "collector" */;
			buildPhases = (
				D389B568241005B900B8BA54 /* Sources */,
				D389B569241005B900B8BA54 /* Frameworks */,
				D389B56A241005B900B8BA54 /* Resources */,
				D36614F525154B0A0065854B /* Embed Frameworks */,
				D36614F625154EA40065854B /* ShellScript */,
			);
			buildRules = (
			);
			dependencies = (
			);
			name = collector;
			packageProductDependencies = (
				D313B8042509B61000967AB9 /* SDWebImage */,
				D37F78B02549DE6B00FA1AB2 /* MultiSlider */,
				D3728776254F39BA006F28A8 /* NVActivityIndicatorView */,
				D3728778254F39BA006F28A8 /* NVActivityIndicatorViewExtended */,
				D3324528255BA70800484836 /* Parchment */,
			);
			productName = collector;
			productReference = D389B56C241005B900B8BA54 /* collector.app */;
			productType = "com.apple.product-type.application";
		};
/* End PBXNativeTarget section */

/* Begin PBXProject section */
		D389B564241005B900B8BA54 /* Project object */ = {
			isa = PBXProject;
			attributes = {
				LastSwiftUpdateCheck = 1110;
				LastUpgradeCheck = 1110;
				ORGANIZATIONNAME = Brian;
				TargetAttributes = {
					D389B56B241005B900B8BA54 = {
						CreatedOnToolsVersion = 11.1;
					};
				};
			};
			buildConfigurationList = D389B567241005B900B8BA54 /* Build configuration list for PBXProject "collector" */;
			compatibilityVersion = "Xcode 9.3";
			developmentRegion = en;
			hasScannedForEncodings = 0;
			knownRegions = (
				en,
				Base,
			);
			mainGroup = D389B563241005B900B8BA54;
			packageReferences = (
				D313B8032509B61000967AB9 /* XCRemoteSwiftPackageReference "SDWebImage" */,
				D37F78AF2549DE6B00FA1AB2 /* XCRemoteSwiftPackageReference "MultiSlider" */,
				D3728775254F39BA006F28A8 /* XCRemoteSwiftPackageReference "NVActivityIndicatorView" */,
				D3324527255BA70800484836 /* XCRemoteSwiftPackageReference "Parchment" */,
			);
			productRefGroup = D389B56D241005B900B8BA54 /* Products */;
			projectDirPath = "";
			projectRoot = "";
			targets = (
				D389B56B241005B900B8BA54 /* collector */,
			);
		};
/* End PBXProject section */

/* Begin PBXResourcesBuildPhase section */
		D389B56A241005B900B8BA54 /* Resources */ = {
			isa = PBXResourcesBuildPhase;
			buildActionMask = 2147483647;
			files = (
				D31BF69A25073BDB0047C663 /* Main.storyboard in Resources */,
				D3DACCE7250F417A00583999 /* TableViewCell.xib in Resources */,
				D389B57C241005C000B8BA54 /* LaunchScreen.storyboard in Resources */,
				D389B579241005C000B8BA54 /* Assets.xcassets in Resources */,
			);
			runOnlyForDeploymentPostprocessing = 0;
		};
/* End PBXResourcesBuildPhase section */

/* Begin PBXShellScriptBuildPhase section */
		D36614F625154EA40065854B /* ShellScript */ = {
			isa = PBXShellScriptBuildPhase;
			buildActionMask = 2147483647;
			files = (
			);
			inputFileListPaths = (
			);
			inputPaths = (
			);
			outputFileListPaths = (
			);
			outputPaths = (
			);
			runOnlyForDeploymentPostprocessing = 0;
			shellPath = /bin/sh;
			shellScript = "# Type a script or drag a script file from your workspace to insert its path.\nbash \"${BUILT_PRODUCTS_DIR}/${FRAMEWORKS_FOLDER_PATH}/Realm.framework/strip-frameworks.sh\"\n";
		};
/* End PBXShellScriptBuildPhase section */

/* Begin PBXSourcesBuildPhase section */
		D389B568241005B900B8BA54 /* Sources */ = {
			isa = PBXSourcesBuildPhase;
			buildActionMask = 2147483647;
			files = (
				D374D04F2540CD40005CD5C5 /* PlatformsVC.swift in Sources */,
				D3812EEC2418144800F0B8F2 /* ViewController.swift in Sources */,
				D39EDC772501E7BC0057BA05 /* CoverImageViewController.swift in Sources */,
				D374D04D2540CC34005CD5C5 /* PlatformsTableViewCell.swift in Sources */,
				D38FF0322538A8A5006903DB /* Platforms.swift in Sources */,
				D38932B6242682CB00C10B54 /* NetworkService.swift in Sources */,
				D35D2D33254400690079121C /* FilterVC.swift in Sources */,
				D37F78C3254B2F6C00FA1AB2 /* PlayerFilterVC.swift in Sources */,
				D3324523255B9C1000484836 /* PagingDetailVC.swift in Sources */,
				D339252C24DA77C500BA3D25 /* Networking.swift in Sources */,
				D3B97ADF24EDA35B003CA7D1 /* Common.swift in Sources */,
				D3812EEA2418140700F0B8F2 /* DetailViewController.swift in Sources */,
				D372102825340D86004751A5 /* ImageBaseURLs.swift in Sources */,
				D374D043253E802B005CD5C5 /* OwnedGamesVC+CoreData.swift in Sources */,
				D37F78C1254A813A00FA1AB2 /* Platform+CoreDataProperties.swift in Sources */,
				D389B570241005B900B8BA54 /* AppDelegate.swift in Sources */,
				D389B572241005B900B8BA54 /* SceneDelegate.swift in Sources */,
				D35F2CA125183ECB0050CBF5 /* TheGamesDB.swift in Sources */,
				D3F0CAC02529A2E30083681F /* ViewController+Delegates.swift in Sources */,
				D3812EEE2418170200F0B8F2 /* GameStats.swift in Sources */,
				D3AFF6792462403E00DA8EB0 /* Constants.swift in Sources */,
				D37210262533EF1A004751A5 /* OwnedGamesVCTableViewCell.swift in Sources */,
				D3877C8924304094006865FB /* DetailVCCollectionViewCell.swift in Sources */,
				D3F0CABC2528E4E90083681F /* PersistenceManager.swift in Sources */,
				D339252A24D90DFF00BA3D25 /* GamesDBByPlatform.swift in Sources */,
				D3F0CABE2529A2C10083681F /* ViewController+CoreData.swift in Sources */,
				D37210242533E927004751A5 /* OwnedGamesViewController.swift in Sources */,
				D3959707243EC92B00ED4931 /* GamesDBGameInfo.swift in Sources */,
				D37A680425049E8500DF706D /* CoverImageCollectionViewCell.swift in Sources */,
				D3C2E761245E83F700F82332 /* Constants.swift in Sources */,
				D3959705243E33DD00ED4931 /* ScreenScraper.swift in Sources */,
				D3D4BC9825492D0100108A44 /* AgeRangeVC.swift in Sources */,
				D37F78BE254A813A00FA1AB2 /* SavedGames+CoreDataClass.swift in Sources */,
				D31D72EC24EAFDEF00884B2A /* developers.swift in Sources */,
				D3877C872430096A006865FB /* ViewControllerTableViewCell.swift in Sources */,
				D37F78C0254A813A00FA1AB2 /* Platform+CoreDataClass.swift in Sources */,
				D35D2D35254400A60079121C /* FilterVCTableViewCell.swift in Sources */,
				D31D72EE24EB1D0200884B2A /* Publishers.swift in Sources */,
				D3B1CB01243F859600B968F9 /* GamesDBImages.swift in Sources */,
				D37F78BF254A813A00FA1AB2 /* SavedGames+CoreDataProperties.swift in Sources */,
				D374D051254102B8005CD5C5 /* PlatformsVC+CoreData.swift in Sources */,
				D38C4875253B5FDE00DE93BC /* Collector.xcdatamodeld in Sources */,
				D3ED06B324E233BC0044FB68 /* Genre.swift in Sources */,
			);
			runOnlyForDeploymentPostprocessing = 0;
		};
/* End PBXSourcesBuildPhase section */

/* Begin PBXVariantGroup section */
		D389B57A241005C000B8BA54 /* LaunchScreen.storyboard */ = {
			isa = PBXVariantGroup;
			children = (
				D389B57B241005C000B8BA54 /* Base */,
			);
			name = LaunchScreen.storyboard;
			sourceTree = "<group>";
		};
/* End PBXVariantGroup section */

/* Begin XCBuildConfiguration section */
		D389B57E241005C000B8BA54 /* Debug */ = {
			isa = XCBuildConfiguration;
			buildSettings = {
				ALWAYS_SEARCH_USER_PATHS = NO;
				CLANG_ANALYZER_NONNULL = YES;
				CLANG_ANALYZER_NUMBER_OBJECT_CONVERSION = YES_AGGRESSIVE;
				CLANG_CXX_LANGUAGE_STANDARD = "gnu++14";
				CLANG_CXX_LIBRARY = "libc++";
				CLANG_ENABLE_MODULES = YES;
				CLANG_ENABLE_OBJC_ARC = YES;
				CLANG_ENABLE_OBJC_WEAK = YES;
				CLANG_WARN_BLOCK_CAPTURE_AUTORELEASING = YES;
				CLANG_WARN_BOOL_CONVERSION = YES;
				CLANG_WARN_COMMA = YES;
				CLANG_WARN_CONSTANT_CONVERSION = YES;
				CLANG_WARN_DEPRECATED_OBJC_IMPLEMENTATIONS = YES;
				CLANG_WARN_DIRECT_OBJC_ISA_USAGE = YES_ERROR;
				CLANG_WARN_DOCUMENTATION_COMMENTS = YES;
				CLANG_WARN_EMPTY_BODY = YES;
				CLANG_WARN_ENUM_CONVERSION = YES;
				CLANG_WARN_INFINITE_RECURSION = YES;
				CLANG_WARN_INT_CONVERSION = YES;
				CLANG_WARN_NON_LITERAL_NULL_CONVERSION = YES;
				CLANG_WARN_OBJC_IMPLICIT_RETAIN_SELF = YES;
				CLANG_WARN_OBJC_LITERAL_CONVERSION = YES;
				CLANG_WARN_OBJC_ROOT_CLASS = YES_ERROR;
				CLANG_WARN_RANGE_LOOP_ANALYSIS = YES;
				CLANG_WARN_STRICT_PROTOTYPES = YES;
				CLANG_WARN_SUSPICIOUS_MOVE = YES;
				CLANG_WARN_UNGUARDED_AVAILABILITY = YES_AGGRESSIVE;
				CLANG_WARN_UNREACHABLE_CODE = YES;
				CLANG_WARN__DUPLICATE_METHOD_MATCH = YES;
				COPY_PHASE_STRIP = NO;
				DEBUG_INFORMATION_FORMAT = dwarf;
				ENABLE_STRICT_OBJC_MSGSEND = YES;
				ENABLE_TESTABILITY = YES;
				EXCLUDED_ARCHS = arm64;
				"EXCLUDED_ARCHS[sdk=iphonesimulator*]" = arm64;
				GCC_C_LANGUAGE_STANDARD = gnu11;
				GCC_DYNAMIC_NO_PIC = NO;
				GCC_NO_COMMON_BLOCKS = YES;
				GCC_OPTIMIZATION_LEVEL = 0;
				GCC_PREPROCESSOR_DEFINITIONS = (
					"DEBUG=1",
					"$(inherited)",
				);
				GCC_WARN_64_TO_32_BIT_CONVERSION = YES;
				GCC_WARN_ABOUT_RETURN_TYPE = YES_ERROR;
				GCC_WARN_UNDECLARED_SELECTOR = YES;
				GCC_WARN_UNINITIALIZED_AUTOS = YES_AGGRESSIVE;
				GCC_WARN_UNUSED_FUNCTION = YES;
				GCC_WARN_UNUSED_VARIABLE = YES;
				IPHONEOS_DEPLOYMENT_TARGET = 13.1;
				MTL_ENABLE_DEBUG_INFO = INCLUDE_SOURCE;
				MTL_FAST_MATH = YES;
				ONLY_ACTIVE_ARCH = YES;
				SDKROOT = iphoneos;
				SWIFT_ACTIVE_COMPILATION_CONDITIONS = DEBUG;
				SWIFT_OPTIMIZATION_LEVEL = "-Onone";
			};
			name = Debug;
		};
		D389B57F241005C000B8BA54 /* Release */ = {
			isa = XCBuildConfiguration;
			buildSettings = {
				ALWAYS_SEARCH_USER_PATHS = NO;
				CLANG_ANALYZER_NONNULL = YES;
				CLANG_ANALYZER_NUMBER_OBJECT_CONVERSION = YES_AGGRESSIVE;
				CLANG_CXX_LANGUAGE_STANDARD = "gnu++14";
				CLANG_CXX_LIBRARY = "libc++";
				CLANG_ENABLE_MODULES = YES;
				CLANG_ENABLE_OBJC_ARC = YES;
				CLANG_ENABLE_OBJC_WEAK = YES;
				CLANG_WARN_BLOCK_CAPTURE_AUTORELEASING = YES;
				CLANG_WARN_BOOL_CONVERSION = YES;
				CLANG_WARN_COMMA = YES;
				CLANG_WARN_CONSTANT_CONVERSION = YES;
				CLANG_WARN_DEPRECATED_OBJC_IMPLEMENTATIONS = YES;
				CLANG_WARN_DIRECT_OBJC_ISA_USAGE = YES_ERROR;
				CLANG_WARN_DOCUMENTATION_COMMENTS = YES;
				CLANG_WARN_EMPTY_BODY = YES;
				CLANG_WARN_ENUM_CONVERSION = YES;
				CLANG_WARN_INFINITE_RECURSION = YES;
				CLANG_WARN_INT_CONVERSION = YES;
				CLANG_WARN_NON_LITERAL_NULL_CONVERSION = YES;
				CLANG_WARN_OBJC_IMPLICIT_RETAIN_SELF = YES;
				CLANG_WARN_OBJC_LITERAL_CONVERSION = YES;
				CLANG_WARN_OBJC_ROOT_CLASS = YES_ERROR;
				CLANG_WARN_RANGE_LOOP_ANALYSIS = YES;
				CLANG_WARN_STRICT_PROTOTYPES = YES;
				CLANG_WARN_SUSPICIOUS_MOVE = YES;
				CLANG_WARN_UNGUARDED_AVAILABILITY = YES_AGGRESSIVE;
				CLANG_WARN_UNREACHABLE_CODE = YES;
				CLANG_WARN__DUPLICATE_METHOD_MATCH = YES;
				COPY_PHASE_STRIP = NO;
				DEBUG_INFORMATION_FORMAT = "dwarf-with-dsym";
				ENABLE_NS_ASSERTIONS = NO;
				ENABLE_STRICT_OBJC_MSGSEND = YES;
				EXCLUDED_ARCHS = arm64;
				"EXCLUDED_ARCHS[sdk=iphonesimulator*]" = arm64;
				GCC_C_LANGUAGE_STANDARD = gnu11;
				GCC_NO_COMMON_BLOCKS = YES;
				GCC_WARN_64_TO_32_BIT_CONVERSION = YES;
				GCC_WARN_ABOUT_RETURN_TYPE = YES_ERROR;
				GCC_WARN_UNDECLARED_SELECTOR = YES;
				GCC_WARN_UNINITIALIZED_AUTOS = YES_AGGRESSIVE;
				GCC_WARN_UNUSED_FUNCTION = YES;
				GCC_WARN_UNUSED_VARIABLE = YES;
				IPHONEOS_DEPLOYMENT_TARGET = 13.1;
				MTL_ENABLE_DEBUG_INFO = NO;
				MTL_FAST_MATH = YES;
				ONLY_ACTIVE_ARCH = YES;
				SDKROOT = iphoneos;
				SWIFT_COMPILATION_MODE = wholemodule;
				SWIFT_OPTIMIZATION_LEVEL = "-O";
				VALIDATE_PRODUCT = YES;
			};
			name = Release;
		};
		D389B581241005C000B8BA54 /* Debug */ = {
			isa = XCBuildConfiguration;
			buildSettings = {
				ASSETCATALOG_COMPILER_APPICON_NAME = AppIcon;
				CODE_SIGN_STYLE = Automatic;
				DEVELOPMENT_TEAM = G7LZS3A2QC;
				EXCLUDED_ARCHS = "";
				FRAMEWORK_SEARCH_PATHS = (
					"<Multiple",
					"values>",
					"/Users/Brian/Downloads/realm-swift-5.4.2/ios/swift-12.0/",
				);
				INFOPLIST_FILE = collector/Info.plist;
				LD_RUNPATH_SEARCH_PATHS = (
					"$(inherited)",
					"@executable_path/Frameworks",
				);
				PRODUCT_BUNDLE_IDENTIFIER = brian.arend.collector;
				PRODUCT_NAME = "$(TARGET_NAME)";
				SWIFT_VERSION = 5.0;
				TARGETED_DEVICE_FAMILY = "1,2";
			};
			name = Debug;
		};
		D389B582241005C000B8BA54 /* Release */ = {
			isa = XCBuildConfiguration;
			buildSettings = {
				ASSETCATALOG_COMPILER_APPICON_NAME = AppIcon;
				CODE_SIGN_STYLE = Automatic;
				DEVELOPMENT_TEAM = G7LZS3A2QC;
				"EXCLUDED_ARCHS[sdk=*]" = "";
				FRAMEWORK_SEARCH_PATHS = (
					"$(inherited)",
					"<Multiple",
					"values>",
					"/Users/Brian/Downloads/realm-swift-5.4.2/ios/swift-12.0/",
				);
				"FRAMEWORK_SEARCH_PATHS[arch=*]" = (
					"<Multiple",
					"values>",
					"/Users/Brian/Downloads/realm-swift-5.4.2/ios/swift-12.0/",
				);
				INFOPLIST_FILE = collector/Info.plist;
				LD_RUNPATH_SEARCH_PATHS = (
					"$(inherited)",
					"@executable_path/Frameworks",
				);
				PRODUCT_BUNDLE_IDENTIFIER = brian.arend.collector;
				PRODUCT_NAME = "$(TARGET_NAME)";
				SWIFT_VERSION = 5.0;
				TARGETED_DEVICE_FAMILY = "1,2";
			};
			name = Release;
		};
/* End XCBuildConfiguration section */

/* Begin XCConfigurationList section */
		D389B567241005B900B8BA54 /* Build configuration list for PBXProject "collector" */ = {
			isa = XCConfigurationList;
			buildConfigurations = (
				D389B57E241005C000B8BA54 /* Debug */,
				D389B57F241005C000B8BA54 /* Release */,
			);
			defaultConfigurationIsVisible = 0;
			defaultConfigurationName = Release;
		};
		D389B580241005C000B8BA54 /* Build configuration list for PBXNativeTarget "collector" */ = {
			isa = XCConfigurationList;
			buildConfigurations = (
				D389B581241005C000B8BA54 /* Debug */,
				D389B582241005C000B8BA54 /* Release */,
			);
			defaultConfigurationIsVisible = 0;
			defaultConfigurationName = Release;
		};
/* End XCConfigurationList section */

/* Begin XCRemoteSwiftPackageReference section */
		D313B8032509B61000967AB9 /* XCRemoteSwiftPackageReference "SDWebImage" */ = {
			isa = XCRemoteSwiftPackageReference;
			repositoryURL = "https://github.com/SDWebImage/SDWebImage.git";
			requirement = {
				kind = upToNextMajorVersion;
				minimumVersion = 5.9.0;
			};
		};
		D3324527255BA70800484836 /* XCRemoteSwiftPackageReference "Parchment" */ = {
			isa = XCRemoteSwiftPackageReference;
			repositoryURL = "https://github.com/rechsteiner/Parchment";
			requirement = {
				kind = upToNextMajorVersion;
				minimumVersion = 2.4.0;
			};
		};
		D3728775254F39BA006F28A8 /* XCRemoteSwiftPackageReference "NVActivityIndicatorView" */ = {
			isa = XCRemoteSwiftPackageReference;
			repositoryURL = "https://github.com/ninjaprox/NVActivityIndicatorView.git";
			requirement = {
				kind = upToNextMajorVersion;
				minimumVersion = 5.1.1;
			};
		};
		D37F78AF2549DE6B00FA1AB2 /* XCRemoteSwiftPackageReference "MultiSlider" */ = {
			isa = XCRemoteSwiftPackageReference;
			repositoryURL = "https://github.com/yonat/MultiSlider";
			requirement = {
				kind = upToNextMajorVersion;
				minimumVersion = 1.10.12;
			};
		};
/* End XCRemoteSwiftPackageReference section */

/* Begin XCSwiftPackageProductDependency section */
		D313B8042509B61000967AB9 /* SDWebImage */ = {
			isa = XCSwiftPackageProductDependency;
			package = D313B8032509B61000967AB9 /* XCRemoteSwiftPackageReference "SDWebImage" */;
			productName = SDWebImage;
		};
		D3324528255BA70800484836 /* Parchment */ = {
			isa = XCSwiftPackageProductDependency;
			package = D3324527255BA70800484836 /* XCRemoteSwiftPackageReference "Parchment" */;
			productName = Parchment;
		};
		D3728776254F39BA006F28A8 /* NVActivityIndicatorView */ = {
			isa = XCSwiftPackageProductDependency;
			package = D3728775254F39BA006F28A8 /* XCRemoteSwiftPackageReference "NVActivityIndicatorView" */;
			productName = NVActivityIndicatorView;
		};
		D3728778254F39BA006F28A8 /* NVActivityIndicatorViewExtended */ = {
			isa = XCSwiftPackageProductDependency;
			package = D3728775254F39BA006F28A8 /* XCRemoteSwiftPackageReference "NVActivityIndicatorView" */;
			productName = NVActivityIndicatorViewExtended;
		};
		D37F78B02549DE6B00FA1AB2 /* MultiSlider */ = {
			isa = XCSwiftPackageProductDependency;
			package = D37F78AF2549DE6B00FA1AB2 /* XCRemoteSwiftPackageReference "MultiSlider" */;
			productName = MultiSlider;
		};
/* End XCSwiftPackageProductDependency section */

/* Begin XCVersionGroup section */
		D38C4873253B5FDE00DE93BC /* Collector.xcdatamodeld */ = {
			isa = XCVersionGroup;
			children = (
				D38C4874253B5FDE00DE93BC /* Collector 2.xcdatamodel */,
			);
			currentVersion = D38C4874253B5FDE00DE93BC /* Collector 2.xcdatamodel */;
			path = Collector.xcdatamodeld;
			sourceTree = "<group>";
			versionGroupType = wrapper.xcdatamodel;
		};
/* End XCVersionGroup section */
	};
	rootObject = D389B564241005B900B8BA54 /* Project object */;
}
