{
  "object": {
    "pins": [
      {
        "package": "AcknowList",
        "repositoryURL": "https://github.com/vtourraine/AcknowList",
        "state": {
          "branch": null,
          "revision": "dbd9a618e56045ee216ff7f87387d6bd434e5db3",
          "version": "2.0.3"
        }
      },
      {
        "package": "AvailableHapticFeedback",
        "repositoryURL": "https://github.com/yonat/AvailableHapticFeedback",
        "state": {
          "branch": null,
          "revision": "f9ae6d54af1fb06fff0ddb16246091c6de22f989",
          "version": "1.0.2"
        }
      },
      {
        "package": "BarcodeScanner",
        "repositoryURL": "https://github.com/hyperoslo/BarcodeScanner",
        "state": {
          "branch": null,
          "revision": "059cd71c4e3b9efc8d7e42fa1948bf572471b448",
          "version": "5.0.1"
        }
      },
      {
        "package": "Lottie",
        "repositoryURL": "https://github.com/airbnb/lottie-ios",
        "state": {
          "branch": null,
          "revision": "4a6058cbbdfe4f74aeae92c8bd51ad3b0de2a1ee",
          "version": "3.3.0"
        }
      },
      {
        "package": "MultiSlider",
        "repositoryURL": "https://github.com/yonat/MultiSlider",
        "state": {
          "branch": null,
          "revision": "6606775df4274b4e545c169320344ffb6fdd3e37",
          "version": "1.11.2"
        }
      },
      {
        "package": "NVActivityIndicatorView",
        "repositoryURL": "https://github.com/ninjaprox/NVActivityIndicatorView.git",
        "state": {
          "branch": null,
          "revision": "bcb52371f2259254bac6690f92bb474a61768c47",
          "version": "5.1.1"
        }
      },
      {
        "package": "Parchment",
        "repositoryURL": "https://github.com/rechsteiner/Parchment",
        "state": {
          "branch": null,
          "revision": "2b1a370e71480cb1a95dd56ef8bddc2e0a45e033",
          "version": "3.1.0"
        }
      },
      {
        "package": "SDWebImage",
        "repositoryURL": "https://github.com/SDWebImage/SDWebImage.git",
        "state": {
          "branch": null,
          "revision": "a72df4849408da7e5d3c1b586797b7c601c41d1b",
          "version": "5.12.1"
        }
      },
      {
        "package": "SPAlert",
        "repositoryURL": "https://github.com/varabeis/SPAlert",
        "state": {
          "branch": null,
          "revision": "52c6fbfd025c8aeb2236c4f629dcca59e0060de6",
          "version": "3.5.1"
        }
      },
      {
        "package": "SPM-Acknowledgments",
        "repositoryURL": "https://github.com/timroesner/SPM-Acknowledgments",
        "state": {
          "branch": null,
          "revision": "2920539ece40b29cf2afc0a0d535e9ba0ee82d15",
          "version": "1.0.0"
        }
      },
      {
        "package": "SweeterSwift",
        "repositoryURL": "https://github.com/yonat/SweeterSwift",
        "state": {
          "branch": null,
          "revision": "375a2603e98c8b59c53c9d2096f5443d78861bff",
          "version": "1.1.5"
        }
      },
      {
        "package": "SwiftSoup",
        "repositoryURL": "https://github.com/scinfu/SwiftSoup",
        "state": {
          "branch": null,
          "revision": "3fa09f4d79e5172b14cb50e02f1d5f115a2bbaef",
          "version": "2.3.4"
        }
      },
      {
        "package": "YoutubePlayer",
        "repositoryURL": "https://github.com/NicholasMata/YoutubePlayer",
        "state": {
          "branch": null,
          "revision": "7e22c09b4b6d9e9ba905c5e8757ecad400cf870a",
          "version": "0.5.5"
        }
      }
    ]
  },
  "version": 1
}
