// !$*UTF8*$!
{
	archiveVersion = 1;
	classes = {
	};
	objectVersion = 52;
	objects = {

/* Begin PBXBuildFile section */
		D305535A26C8B7B1007F7D39 /* glogo.json in Resources */ = {isa = PBXBuildFile; fileRef = D305535726C8B7B1007F7D39 /* glogo.json */; };
		D309444C25679050002E314A /* MyGameTableViewCells.swift in Sources */ = {isa = PBXBuildFile; fileRef = D309444B25679050002E314A /* MyGameTableViewCells.swift */; };
		D30C81172721CF0200175770 /* AdvancedSearchTableVC.swift in Sources */ = {isa = PBXBuildFile; fileRef = D30C81162721CF0200175770 /* AdvancedSearchTableVC.swift */; };
		D30C811D2721EA5600175770 /* AdvancedSearchHeader.swift in Sources */ = {isa = PBXBuildFile; fileRef = D30C811C2721EA5600175770 /* AdvancedSearchHeader.swift */; };
		D30D474A2638CDBB004FD097 /* DropdownPickerView.swift in Sources */ = {isa = PBXBuildFile; fileRef = D30D47492638CDBA004FD097 /* DropdownPickerView.swift */; };
		D30D47682638F25F004FD097 /* DropDown.framework in Frameworks */ = {isa = PBXBuildFile; fileRef = D30D47652638F1C2004FD097 /* DropDown.framework */; };
		D313B8052509B61000967AB9 /* SDWebImage in Frameworks */ = {isa = PBXBuildFile; productRef = D313B8042509B61000967AB9 /* SDWebImage */; };
		D316403726C60E2D0060B5AD /* Lottie in Frameworks */ = {isa = PBXBuildFile; productRef = D316403626C60E2D0060B5AD /* Lottie */; };
		D316403B26C613D70060B5AD /* game.json in Resources */ = {isa = PBXBuildFile; fileRef = D316403A26C613D70060B5AD /* game.json */; };
		D316403D26C616990060B5AD /* gamepad.json in Resources */ = {isa = PBXBuildFile; fileRef = D316403C26C616990060B5AD /* gamepad.json */; };
		D316403F26C61CB20060B5AD /* gamepadblue.json in Resources */ = {isa = PBXBuildFile; fileRef = D316403E26C61CB20060B5AD /* gamepadblue.json */; };
		D316404126C767350060B5AD /* gamepadgradient.json in Resources */ = {isa = PBXBuildFile; fileRef = D316404026C767350060B5AD /* gamepadgradient.json */; };
		D319D18026116CA900DBD004 /* DetailVCTableViewCells.swift in Sources */ = {isa = PBXBuildFile; fileRef = D319D17F26116CA800DBD004 /* DetailVCTableViewCells.swift */; };
		D31BF69A25073BDB0047C663 /* Main.storyboard in Resources */ = {isa = PBXBuildFile; fileRef = D31BF69925073BDB0047C663 /* Main.storyboard */; };
		D32CA0BE266B427E004DE5ED /* KDCircularProgress.swift in Sources */ = {isa = PBXBuildFile; fileRef = D32CA0BB266B427D004DE5ED /* KDCircularProgress.swift */; };
		D33196BA262A050C00F18693 /* IGDBPlatforms.swift in Sources */ = {isa = PBXBuildFile; fileRef = D33196B9262A050C00F18693 /* IGDBPlatforms.swift */; };
		D3324523255B9C1000484836 /* PagingDetailVC.swift in Sources */ = {isa = PBXBuildFile; fileRef = D3324522255B9C1000484836 /* PagingDetailVC.swift */; };
		D3324529255BA70800484836 /* Parchment in Frameworks */ = {isa = PBXBuildFile; productRef = D3324528255BA70800484836 /* Parchment */; };
		D339252C24DA77C500BA3D25 /* Networking.swift in Sources */ = {isa = PBXBuildFile; fileRef = D339252B24DA77C500BA3D25 /* Networking.swift */; };
		D345C47026F1941400C357C5 /* BarCodeVC.swift in Sources */ = {isa = PBXBuildFile; fileRef = D345C46F26F1941400C357C5 /* BarCodeVC.swift */; };
		D345C47726F1988500C357C5 /* BarcodeScanner in Frameworks */ = {isa = PBXBuildFile; productRef = D345C47626F1988500C357C5 /* BarcodeScanner */; };
		D345C47926F1B75B00C357C5 /* UPCScan.swift in Sources */ = {isa = PBXBuildFile; fileRef = D345C47826F1B75B00C357C5 /* UPCScan.swift */; };
		D350F64D278BF48A00F1B87B /* AngleView.swift in Sources */ = {isa = PBXBuildFile; fileRef = D350F64C278BF48900F1B87B /* AngleView.swift */; };
		D356AC35255F8C5400FE02A8 /* MediaVC.swift in Sources */ = {isa = PBXBuildFile; fileRef = D356AC34255F8C5400FE02A8 /* MediaVC.swift */; };
		D356AC3D2560453500FE02A8 /* MediaCollectionViewCell.swift in Sources */ = {isa = PBXBuildFile; fileRef = D356AC3C2560453500FE02A8 /* MediaCollectionViewCell.swift */; };
		D356AC3F2560604300FE02A8 /* BoxartTableViewCell.swift in Sources */ = {isa = PBXBuildFile; fileRef = D356AC3E2560604300FE02A8 /* BoxartTableViewCell.swift */; };
		D356AC412560605600FE02A8 /* ScreenshotTableViewCell.swift in Sources */ = {isa = PBXBuildFile; fileRef = D356AC402560605600FE02A8 /* ScreenshotTableViewCell.swift */; };
		D356AC432560606100FE02A8 /* FanartTableViewCell.swift in Sources */ = {isa = PBXBuildFile; fileRef = D356AC422560606100FE02A8 /* FanartTableViewCell.swift */; };
		D356AC452560607A00FE02A8 /* BoxartCollectionViewCell.swift in Sources */ = {isa = PBXBuildFile; fileRef = D356AC442560607A00FE02A8 /* BoxartCollectionViewCell.swift */; };
		D356AC472560608900FE02A8 /* ScreenshotCollectionViewCell.swift in Sources */ = {isa = PBXBuildFile; fileRef = D356AC462560608900FE02A8 /* ScreenshotCollectionViewCell.swift */; };
		D356AC492560609300FE02A8 /* FanartCollectionViewCell.swift in Sources */ = {isa = PBXBuildFile; fileRef = D356AC482560609300FE02A8 /* FanartCollectionViewCell.swift */; };
		D359573C25C257260082A8F6 /* WishlistVC.swift in Sources */ = {isa = PBXBuildFile; fileRef = D359573B25C257260082A8F6 /* WishlistVC.swift */; };
		D359573E25C25C4A0082A8F6 /* WishlistCollectionViewCell.swift in Sources */ = {isa = PBXBuildFile; fileRef = D359573D25C25C4A0082A8F6 /* WishlistCollectionViewCell.swift */; };
		D359CDBC2568F702004292E7 /* MyGameCollectionViewCell.swift in Sources */ = {isa = PBXBuildFile; fileRef = D359CDBB2568F702004292E7 /* MyGameCollectionViewCell.swift */; };
		D359CDE3256B6D65004292E7 /* MyGameVC+CoreData.swift in Sources */ = {isa = PBXBuildFile; fileRef = D359CDE2256B6D65004292E7 /* MyGameVC+CoreData.swift */; };
		D35D2D33254400690079121C /* FilterVC.swift in Sources */ = {isa = PBXBuildFile; fileRef = D35D2D32254400690079121C /* FilterVC.swift */; };
		D35D2D35254400A60079121C /* FilterVCTableViewCell.swift in Sources */ = {isa = PBXBuildFile; fileRef = D35D2D34254400A60079121C /* FilterVCTableViewCell.swift */; };
		D36048AA26F5AFD2005EDD2D /* BarcodeTableViewCell.swift in Sources */ = {isa = PBXBuildFile; fileRef = D36048A926F5AFD1005EDD2D /* BarcodeTableViewCell.swift */; };
		D36048AE26F81B39005EDD2D /* barcodescanner.json in Resources */ = {isa = PBXBuildFile; fileRef = D36048AD26F81B37005EDD2D /* barcodescanner.json */; };
		D36048B026F84D59005EDD2D /* barcodescannerwhite.json in Resources */ = {isa = PBXBuildFile; fileRef = D36048AF26F84D57005EDD2D /* barcodescannerwhite.json */; };
		D361FB7226FA9A2500C41380 /* SwiftSoup in Frameworks */ = {isa = PBXBuildFile; productRef = D361FB7126FA9A2500C41380 /* SwiftSoup */; };
		D361FB7626FAB3AC00C41380 /* PriceInfo.swift in Sources */ = {isa = PBXBuildFile; fileRef = D361FB7526FAB3AC00C41380 /* PriceInfo.swift */; };
		D36821EF2619806700594860 /* FullImageVC.swift in Sources */ = {isa = PBXBuildFile; fileRef = D36821EE2619806700594860 /* FullImageVC.swift */; };
		D36821F22624863D00594860 /* IGDBGames.swift in Sources */ = {isa = PBXBuildFile; fileRef = D36821F12624863D00594860 /* IGDBGames.swift */; };
		D36C598026E16A8500863BDA /* GradientButton.swift in Sources */ = {isa = PBXBuildFile; fileRef = D36C597F26E16A8500863BDA /* GradientButton.swift */; };
		D36D9C7726368394004356FE /* PlatformFilterMenuVC.swift in Sources */ = {isa = PBXBuildFile; fileRef = D36D9C7626368394004356FE /* PlatformFilterMenuVC.swift */; };
		D370D9E2278D374600F127C7 /* RoundedView.swift in Sources */ = {isa = PBXBuildFile; fileRef = D370D9E1278D374600F127C7 /* RoundedView.swift */; };
		D370D9E6278D42D900F127C7 /* ReverseAngleView.swift in Sources */ = {isa = PBXBuildFile; fileRef = D370D9E5278D42D900F127C7 /* ReverseAngleView.swift */; };
		D370D9E8278DEEC600F127C7 /* ViewControllerCVCell.swift in Sources */ = {isa = PBXBuildFile; fileRef = D370D9E7278DEEC500F127C7 /* ViewControllerCVCell.swift */; };
		D37210242533E927004751A5 /* OwnedGamesViewController.swift in Sources */ = {isa = PBXBuildFile; fileRef = D37210232533E927004751A5 /* OwnedGamesViewController.swift */; };
		D37210262533EF1A004751A5 /* OwnedGamesVCTableViewCell.swift in Sources */ = {isa = PBXBuildFile; fileRef = D37210252533EF1A004751A5 /* OwnedGamesVCTableViewCell.swift */; };
		D372102825340D86004751A5 /* ImageBaseURLs.swift in Sources */ = {isa = PBXBuildFile; fileRef = D372102725340D86004751A5 /* ImageBaseURLs.swift */; };
		D3728777254F39BA006F28A8 /* NVActivityIndicatorView in Frameworks */ = {isa = PBXBuildFile; productRef = D3728776254F39BA006F28A8 /* NVActivityIndicatorView */; };
		D3728779254F39BA006F28A8 /* NVActivityIndicatorViewExtended in Frameworks */ = {isa = PBXBuildFile; productRef = D3728778254F39BA006F28A8 /* NVActivityIndicatorViewExtended */; };
		D374D043253E802B005CD5C5 /* OwnedGamesVC+CoreData.swift in Sources */ = {isa = PBXBuildFile; fileRef = D374D042253E802B005CD5C5 /* OwnedGamesVC+CoreData.swift */; };
		D374D04D2540CC34005CD5C5 /* PlatformsTableViewCell.swift in Sources */ = {isa = PBXBuildFile; fileRef = D374D04C2540CC34005CD5C5 /* PlatformsTableViewCell.swift */; };
		D374D04F2540CD40005CD5C5 /* PlatformsVC.swift in Sources */ = {isa = PBXBuildFile; fileRef = D374D04E2540CD40005CD5C5 /* PlatformsVC.swift */; };
		D374D051254102B8005CD5C5 /* PlatformsVC+CoreData.swift in Sources */ = {isa = PBXBuildFile; fileRef = D374D050254102B7005CD5C5 /* PlatformsVC+CoreData.swift */; };
		D375D4722641F8E300DC8672 /* IGDBGenres.swift in Sources */ = {isa = PBXBuildFile; fileRef = D375D4712641F8E300DC8672 /* IGDBGenres.swift */; };
		D375D47626446EFF00DC8672 /* ComingSoonCell.swift in Sources */ = {isa = PBXBuildFile; fileRef = D375D47526446EFF00DC8672 /* ComingSoonCell.swift */; };
		D375D47826447A0500DC8672 /* SpotlightVC.swift in Sources */ = {isa = PBXBuildFile; fileRef = D375D47726447A0500DC8672 /* SpotlightVC.swift */; };
		D375D47A2645E31600DC8672 /* NewReleasesCell.swift in Sources */ = {isa = PBXBuildFile; fileRef = D375D4792645E31500DC8672 /* NewReleasesCell.swift */; };
		D375D47C264663C400DC8672 /* TopTwentyCell.swift in Sources */ = {isa = PBXBuildFile; fileRef = D375D47B264663C400DC8672 /* TopTwentyCell.swift */; };
		D375D47E26472D1A00DC8672 /* SpotlightHeaderView.swift in Sources */ = {isa = PBXBuildFile; fileRef = D375D47D26472D1900DC8672 /* SpotlightHeaderView.swift */; };
		D377969A273224DA00ABF7B6 /* AdvancedSearchResultsVC+CoreData.swift in Sources */ = {isa = PBXBuildFile; fileRef = D3779699273224DA00ABF7B6 /* AdvancedSearchResultsVC+CoreData.swift */; };
		D3790E9D275B0D9C00CAC749 /* IntroView.swift in Sources */ = {isa = PBXBuildFile; fileRef = D3790E9C275B0D9B00CAC749 /* IntroView.swift */; };
		D3790E9F275B0DA400CAC749 /* OnboardView.swift in Sources */ = {isa = PBXBuildFile; fileRef = D3790E9E275B0DA400CAC749 /* OnboardView.swift */; };
		D37A680425049E8500DF706D /* CoverImageCollectionViewCell.swift in Sources */ = {isa = PBXBuildFile; fileRef = D37A680325049E8500DF706D /* CoverImageCollectionViewCell.swift */; };
		D37F78B12549DE6B00FA1AB2 /* MultiSlider in Frameworks */ = {isa = PBXBuildFile; productRef = D37F78B02549DE6B00FA1AB2 /* MultiSlider */; };
		D37FEF482792754F00F04000 /* TableFormatView.xib in Resources */ = {isa = PBXBuildFile; fileRef = D37FEF472792754E00F04000 /* TableFormatView.xib */; };
		D3812EEA2418140700F0B8F2 /* DetailViewController.swift in Sources */ = {isa = PBXBuildFile; fileRef = D3812EE92418140700F0B8F2 /* DetailViewController.swift */; };
		D3812EEC2418144800F0B8F2 /* ViewController.swift in Sources */ = {isa = PBXBuildFile; fileRef = D3812EEB2418144800F0B8F2 /* ViewController.swift */; };
		D382AF6F2655DB98007FCEF8 /* ImagePageVC.swift in Sources */ = {isa = PBXBuildFile; fileRef = D382AF6E2655DB97007FCEF8 /* ImagePageVC.swift */; };
		D386150E2741870300383969 /* VerticalAlignedLabel.swift in Sources */ = {isa = PBXBuildFile; fileRef = D386150D2741870300383969 /* VerticalAlignedLabel.swift */; };
		D3877C872430096A006865FB /* ViewControllerTableViewCell.swift in Sources */ = {isa = PBXBuildFile; fileRef = D3877C862430096A006865FB /* ViewControllerTableViewCell.swift */; };
		D3877C8924304094006865FB /* DetailVCCollectionViewCell.swift in Sources */ = {isa = PBXBuildFile; fileRef = D3877C8824304094006865FB /* DetailVCCollectionViewCell.swift */; };
		D389B570241005B900B8BA54 /* AppDelegate.swift in Sources */ = {isa = PBXBuildFile; fileRef = D389B56F241005B900B8BA54 /* AppDelegate.swift */; };
		D389B572241005B900B8BA54 /* SceneDelegate.swift in Sources */ = {isa = PBXBuildFile; fileRef = D389B571241005B900B8BA54 /* SceneDelegate.swift */; };
		D389B579241005C000B8BA54 /* Assets.xcassets in Resources */ = {isa = PBXBuildFile; fileRef = D389B578241005C000B8BA54 /* Assets.xcassets */; };
		D389B57C241005C000B8BA54 /* LaunchScreen.storyboard in Resources */ = {isa = PBXBuildFile; fileRef = D389B57A241005C000B8BA54 /* LaunchScreen.storyboard */; };
		D38C4875253B5FDE00DE93BC /* Collector.xcdatamodeld in Sources */ = {isa = PBXBuildFile; fileRef = D38C4873253B5FDE00DE93BC /* Collector.xcdatamodeld */; };
		D390288827556E52008AF432 /* logoanimation.json in Resources */ = {isa = PBXBuildFile; fileRef = D390288527556E52008AF432 /* logoanimation.json */; };
		D390288A27556FBA008AF432 /* logo.json in Resources */ = {isa = PBXBuildFile; fileRef = D390288927556FBA008AF432 /* logo.json */; };
		D394487D272DAA4800ADD685 /* AdvancedSearchResultsCell.swift in Sources */ = {isa = PBXBuildFile; fileRef = D394487C272DAA4800ADD685 /* AdvancedSearchResultsCell.swift */; };
		D39538C02727AC770035E483 /* AlignedCollectionViewFlowLayout.swift in Sources */ = {isa = PBXBuildFile; fileRef = D39538BD2727AC770035E483 /* AlignedCollectionViewFlowLayout.swift */; };
		D39AF114277439EA000764AB /* Constants.swift in Sources */ = {isa = PBXBuildFile; fileRef = D39AF113277439EA000764AB /* Constants.swift */; };
		D39AF11727768D71000764AB /* Secrets.swift in Sources */ = {isa = PBXBuildFile; fileRef = D39AF11627768D71000764AB /* Secrets.swift */; };
		D39B7816275E9895004231D7 /* OnboardVC.swift in Sources */ = {isa = PBXBuildFile; fileRef = D39B7815275E9895004231D7 /* OnboardVC.swift */; };
		D39DAC7525DF86E0007D3B84 /* SPAlert in Frameworks */ = {isa = PBXBuildFile; productRef = D39DAC7425DF86E0007D3B84 /* SPAlert */; };
		D39DAC7725E49C45007D3B84 /* README.md in Resources */ = {isa = PBXBuildFile; fileRef = D39DAC7625E49C45007D3B84 /* README.md */; };
		D39DAC7925E49CB3007D3B84 /* image1 2.png in Resources */ = {isa = PBXBuildFile; fileRef = D39DAC7825E49CB3007D3B84 /* image1 2.png */; };
		D39DAC7B25EB5DF2007D3B84 /* WishlistVC+CoreData.swift in Sources */ = {isa = PBXBuildFile; fileRef = D39DAC7A25EB5DF2007D3B84 /* WishlistVC+CoreData.swift */; };
		D39EB8E526D72AEE00E88166 /* AcknowList in Frameworks */ = {isa = PBXBuildFile; productRef = D39EB8E426D72AEE00E88166 /* AcknowList */; };
		D39EB8E926D72DC500E88166 /* collector.podspec.json in Resources */ = {isa = PBXBuildFile; fileRef = D39EB8E826D72DC500E88166 /* collector.podspec.json */; };
		D39EB8EB26D7325000E88166 /* Pods-gameology-acknowledgements.plist in Resources */ = {isa = PBXBuildFile; fileRef = D39EB8EA26D7325000E88166 /* Pods-gameology-acknowledgements.plist */; };
		D3A2B11A27474A1200B0BBD0 /* YoutubePlayer in Frameworks */ = {isa = PBXBuildFile; productRef = D3A2B11927474A1200B0BBD0 /* YoutubePlayer */; };
		D3A3BA4A259E610100C84E63 /* PagingDetailVC+CoreData.swift in Sources */ = {isa = PBXBuildFile; fileRef = D3A3BA49259E610100C84E63 /* PagingDetailVC+CoreData.swift */; };
		D3AA2A5025CE66D700FC3958 /* WishlistHeaderView.swift in Sources */ = {isa = PBXBuildFile; fileRef = D3AA2A4F25CE66D700FC3958 /* WishlistHeaderView.swift */; };
		D3AA2A5425D6218A00FC3958 /* RoundedGradientButton.swift in Sources */ = {isa = PBXBuildFile; fileRef = D3AA2A5325D6218900FC3958 /* RoundedGradientButton.swift */; };
		D3AA2A5625D78C8200FC3958 /* ExpandablePlatforms.swift in Sources */ = {isa = PBXBuildFile; fileRef = D3AA2A5525D78C8100FC3958 /* ExpandablePlatforms.swift */; };
		D3AB2A062795E12F005EDE0C /* VCHeaderView.swift in Sources */ = {isa = PBXBuildFile; fileRef = D3AB2A052795E12F005EDE0C /* VCHeaderView.swift */; };
		D3AB902F270519A700EE90CD /* GameGenre+CoreDataClass.swift in Sources */ = {isa = PBXBuildFile; fileRef = D3AB9025270519A700EE90CD /* GameGenre+CoreDataClass.swift */; };
		D3AB9030270519A700EE90CD /* GameGenre+CoreDataProperties.swift in Sources */ = {isa = PBXBuildFile; fileRef = D3AB9026270519A700EE90CD /* GameGenre+CoreDataProperties.swift */; };
		D3AB9031270519A700EE90CD /* Platform+CoreDataClass.swift in Sources */ = {isa = PBXBuildFile; fileRef = D3AB9027270519A700EE90CD /* Platform+CoreDataClass.swift */; };
		D3AB9032270519A700EE90CD /* Platform+CoreDataProperties.swift in Sources */ = {isa = PBXBuildFile; fileRef = D3AB9028270519A700EE90CD /* Platform+CoreDataProperties.swift */; };
		D3AB9033270519A700EE90CD /* Photos+CoreDataClass.swift in Sources */ = {isa = PBXBuildFile; fileRef = D3AB9029270519A700EE90CD /* Photos+CoreDataClass.swift */; };
		D3AB9034270519A700EE90CD /* Photos+CoreDataProperties.swift in Sources */ = {isa = PBXBuildFile; fileRef = D3AB902A270519A700EE90CD /* Photos+CoreDataProperties.swift */; };
		D3AB9035270519A700EE90CD /* WishList+CoreDataClass.swift in Sources */ = {isa = PBXBuildFile; fileRef = D3AB902B270519A700EE90CD /* WishList+CoreDataClass.swift */; };
		D3AB9036270519A700EE90CD /* WishList+CoreDataProperties.swift in Sources */ = {isa = PBXBuildFile; fileRef = D3AB902C270519A700EE90CD /* WishList+CoreDataProperties.swift */; };
		D3AB9037270519A700EE90CD /* SavedGames+CoreDataClass.swift in Sources */ = {isa = PBXBuildFile; fileRef = D3AB902D270519A700EE90CD /* SavedGames+CoreDataClass.swift */; };
		D3AB9038270519A700EE90CD /* SavedGames+CoreDataProperties.swift in Sources */ = {isa = PBXBuildFile; fileRef = D3AB902E270519A700EE90CD /* SavedGames+CoreDataProperties.swift */; };
		D3AF79B827659DB100ABDEFF /* SplashView.swift in Sources */ = {isa = PBXBuildFile; fileRef = D3AF79B727659DB000ABDEFF /* SplashView.swift */; };
		D3AFF6792462403E00DA8EB0 /* Constants.swift in Sources */ = {isa = PBXBuildFile; fileRef = D3AFF6782462403E00DA8EB0 /* Constants.swift */; };
		D3B1899A2602E55200E3F4B3 /* MenuTableViewController.swift in Sources */ = {isa = PBXBuildFile; fileRef = D3B189992602E55200E3F4B3 /* MenuTableViewController.swift */; };
		D3B1899E2602E8EE00E3F4B3 /* UIApplicationExtension.swift in Sources */ = {isa = PBXBuildFile; fileRef = D3B1899C2602E8EE00E3F4B3 /* UIApplicationExtension.swift */; };
		D3B1899F2602E8EE00E3F4B3 /* UIDeviceExtension.swift in Sources */ = {isa = PBXBuildFile; fileRef = D3B1899D2602E8EE00E3F4B3 /* UIDeviceExtension.swift */; };
		D3B18E112751F9F1000C301C /* CloudKit.framework in Frameworks */ = {isa = PBXBuildFile; fileRef = D3B18E102751F9F1000C301C /* CloudKit.framework */; };
		D3B2628727936768001785EA /* ViewControllerCVTableCell.swift in Sources */ = {isa = PBXBuildFile; fileRef = D3B2628627936768001785EA /* ViewControllerCVTableCell.swift */; };
		D3B2628E2795140E001785EA /* NESAddButton.swift in Sources */ = {isa = PBXBuildFile; fileRef = D3B2628D2795140D001785EA /* NESAddButton.swift */; };
		D3B2D4E72566F20F00E0DC0A /* MyGameVC.swift in Sources */ = {isa = PBXBuildFile; fileRef = D3B2D4E62566F20F00E0DC0A /* MyGameVC.swift */; };
		D3B90AD525B7F52E00F18817 /* RoundedShadowView.swift in Sources */ = {isa = PBXBuildFile; fileRef = D3B90AD425B7F52E00F18817 /* RoundedShadowView.swift */; };
		D3B90AD725B944B100F18817 /* ShadowTextField.swift in Sources */ = {isa = PBXBuildFile; fileRef = D3B90AD625B944B100F18817 /* ShadowTextField.swift */; };
		D3B97ADF24EDA35B003CA7D1 /* Common.swift in Sources */ = {isa = PBXBuildFile; fileRef = D3B97ADE24EDA35B003CA7D1 /* Common.swift */; };
		D3BE41ED2633E3CC00994358 /* LoadingCell.swift in Sources */ = {isa = PBXBuildFile; fileRef = D3BE41EB2633E3CC00994358 /* LoadingCell.swift */; };
		D3BE41EE2633E3CC00994358 /* LoadingCell.xib in Resources */ = {isa = PBXBuildFile; fileRef = D3BE41EC2633E3CC00994358 /* LoadingCell.xib */; };
		D3C7C7DE271FD46800BA406B /* AdvancedSearchVC.swift in Sources */ = {isa = PBXBuildFile; fileRef = D3C7C7DD271FD46700BA406B /* AdvancedSearchVC.swift */; };
		D3C7C7E2271FDC8E00BA406B /* AdvancedSearchTableViewCells.swift in Sources */ = {isa = PBXBuildFile; fileRef = D3C7C7E1271FDC8C00BA406B /* AdvancedSearchTableViewCells.swift */; };
		D3D4BC9825492D0100108A44 /* AgeRangeVC.swift in Sources */ = {isa = PBXBuildFile; fileRef = D3D4BC9725492D0100108A44 /* AgeRangeVC.swift */; };
		D3DB4ED22776CAE700CD3E67 /* Networking+Helpers.swift in Sources */ = {isa = PBXBuildFile; fileRef = D3DB4ED12776CAE700CD3E67 /* Networking+Helpers.swift */; };
		D3DDA2A226BF7F07009995A5 /* SPM-Acknowledgments in Frameworks */ = {isa = PBXBuildFile; productRef = D3DDA2A126BF7F07009995A5 /* SPM-Acknowledgments */; };
		D3DDA2A426BF851A009995A5 /* Package.resolved in Resources */ = {isa = PBXBuildFile; fileRef = D3DDA2A326BF851A009995A5 /* Package.resolved */; };
		D3E07B5C26408E73000AB6E8 /* DropDown.framework in Embed Frameworks */ = {isa = PBXBuildFile; fileRef = D30D47652638F1C2004FD097 /* DropDown.framework */; settings = {ATTRIBUTES = (CodeSignOnCopy, RemoveHeadersOnCopy, ); }; };
		D3E92ECA24FE19AC00F331BE /* WebKit.framework in Frameworks */ = {isa = PBXBuildFile; fileRef = D3E92EC924FE19AC00F331BE /* WebKit.framework */; };
		D3F0CABC2528E4E90083681F /* PersistenceManager.swift in Sources */ = {isa = PBXBuildFile; fileRef = D3F0CABB2528E4E90083681F /* PersistenceManager.swift */; };
		D3F0CABE2529A2C10083681F /* ViewController+CoreData.swift in Sources */ = {isa = PBXBuildFile; fileRef = D3F0CABD2529A2C10083681F /* ViewController+CoreData.swift */; };
		D3F32E5326576CB2005A85F4 /* MyPhotoCell.swift in Sources */ = {isa = PBXBuildFile; fileRef = D3F32E5226576CB2005A85F4 /* MyPhotoCell.swift */; };
		D3F32E5726577854005A85F4 /* MyManualCell.swift in Sources */ = {isa = PBXBuildFile; fileRef = D3F32E5626577854005A85F4 /* MyManualCell.swift */; };
		D3F32E592657786F005A85F4 /* MyBoxCell.swift in Sources */ = {isa = PBXBuildFile; fileRef = D3F32E582657786F005A85F4 /* MyBoxCell.swift */; };
		D3F32E5B2659A0B2005A85F4 /* MyGameHeaderView.swift in Sources */ = {isa = PBXBuildFile; fileRef = D3F32E5A2659A0B1005A85F4 /* MyGameHeaderView.swift */; };
		D3F571F5272C6B9500F0A1E2 /* AdvancedSearchResultsVC.swift in Sources */ = {isa = PBXBuildFile; fileRef = D3F571F4272C6B9500F0A1E2 /* AdvancedSearchResultsVC.swift */; };
		D3F6C2DB2757446100CC6099 /* ShapeView.swift in Sources */ = {isa = PBXBuildFile; fileRef = D3F6C2D82757446100CC6099 /* ShapeView.swift */; };
/* End PBXBuildFile section */

/* Begin PBXContainerItemProxy section */
		D30D47602638F1C2004FD097 /* PBXContainerItemProxy */ = {
			isa = PBXContainerItemProxy;
			containerPortal = D30D474D2638F18D004FD097 /* DropDown.xcodeproj */;
			proxyType = 2;
			remoteGlobalIDString = 0A76440F1B676C2300BF1A2D;
			remoteInfo = Demo;
		};
		D30D47622638F1C2004FD097 /* PBXContainerItemProxy */ = {
			isa = PBXContainerItemProxy;
			containerPortal = D30D474D2638F18D004FD097 /* DropDown.xcodeproj */;
			proxyType = 2;
			remoteGlobalIDString = 0A7644241B676C2300BF1A2D;
			remoteInfo = DropDownTests;
		};
		D30D47642638F1C2004FD097 /* PBXContainerItemProxy */ = {
			isa = PBXContainerItemProxy;
			containerPortal = D30D474D2638F18D004FD097 /* DropDown.xcodeproj */;
			proxyType = 2;
			remoteGlobalIDString = 0AB5D8711D0EEECD002D3A17;
			remoteInfo = DropDown;
		};
		D30D47662638F24B004FD097 /* PBXContainerItemProxy */ = {
			isa = PBXContainerItemProxy;
			containerPortal = D30D474D2638F18D004FD097 /* DropDown.xcodeproj */;
			proxyType = 1;
			remoteGlobalIDString = 0AB5D8701D0EEECD002D3A17;
			remoteInfo = DropDown;
		};
/* End PBXContainerItemProxy section */

/* Begin PBXCopyFilesBuildPhase section */
		D36614F525154B0A0065854B /* Embed Frameworks */ = {
			isa = PBXCopyFilesBuildPhase;
			buildActionMask = 2147483647;
			dstPath = "";
			dstSubfolderSpec = 10;
			files = (
				D3E07B5C26408E73000AB6E8 /* DropDown.framework in Embed Frameworks */,
			);
			name = "Embed Frameworks";
			runOnlyForDeploymentPostprocessing = 0;
		};
/* End PBXCopyFilesBuildPhase section */

/* Begin PBXFileReference section */
		D305535726C8B7B1007F7D39 /* glogo.json */ = {isa = PBXFileReference; fileEncoding = 4; lastKnownFileType = text.json; path = glogo.json; sourceTree = "<group>"; };
		D309444B25679050002E314A /* MyGameTableViewCells.swift */ = {isa = PBXFileReference; lastKnownFileType = sourcecode.swift; path = MyGameTableViewCells.swift; sourceTree = "<group>"; };
		D30C81162721CF0200175770 /* AdvancedSearchTableVC.swift */ = {isa = PBXFileReference; lastKnownFileType = sourcecode.swift; path = AdvancedSearchTableVC.swift; sourceTree = "<group>"; };
		D30C811C2721EA5600175770 /* AdvancedSearchHeader.swift */ = {isa = PBXFileReference; lastKnownFileType = sourcecode.swift; path = AdvancedSearchHeader.swift; sourceTree = "<group>"; };
		D30D47492638CDBA004FD097 /* DropdownPickerView.swift */ = {isa = PBXFileReference; fileEncoding = 4; lastKnownFileType = sourcecode.swift; path = DropdownPickerView.swift; sourceTree = "<group>"; };
		D30D474D2638F18D004FD097 /* DropDown.xcodeproj */ = {isa = PBXFileReference; lastKnownFileType = "wrapper.pb-project"; name = DropDown.xcodeproj; path = "collector/DropDown-master/DropDown.xcodeproj"; sourceTree = "<group>"; };
		D316403A26C613D70060B5AD /* game.json */ = {isa = PBXFileReference; fileEncoding = 4; lastKnownFileType = text.json; path = game.json; sourceTree = "<group>"; };
		D316403C26C616990060B5AD /* gamepad.json */ = {isa = PBXFileReference; fileEncoding = 4; lastKnownFileType = text.json; path = gamepad.json; sourceTree = "<group>"; };
		D316403E26C61CB20060B5AD /* gamepadblue.json */ = {isa = PBXFileReference; fileEncoding = 4; lastKnownFileType = text.json; path = gamepadblue.json; sourceTree = "<group>"; };
		D316404026C767350060B5AD /* gamepadgradient.json */ = {isa = PBXFileReference; fileEncoding = 4; lastKnownFileType = text.json; path = gamepadgradient.json; sourceTree = "<group>"; };
		D319D17F26116CA800DBD004 /* DetailVCTableViewCells.swift */ = {isa = PBXFileReference; lastKnownFileType = sourcecode.swift; path = DetailVCTableViewCells.swift; sourceTree = "<group>"; };
		D31BF69925073BDB0047C663 /* Main.storyboard */ = {isa = PBXFileReference; fileEncoding = 4; lastKnownFileType = file.storyboard; name = Main.storyboard; path = collector/View/Main.storyboard; sourceTree = SOURCE_ROOT; };
		D32CA0BB266B427D004DE5ED /* KDCircularProgress.swift */ = {isa = PBXFileReference; fileEncoding = 4; lastKnownFileType = sourcecode.swift; name = KDCircularProgress.swift; path = "../../../../Downloads/KDCircularProgress-master 2/KDCircularProgress/KDCircularProgress.swift"; sourceTree = "<group>"; };
		D33196B9262A050C00F18693 /* IGDBPlatforms.swift */ = {isa = PBXFileReference; lastKnownFileType = sourcecode.swift; path = IGDBPlatforms.swift; sourceTree = "<group>"; };
		D3324522255B9C1000484836 /* PagingDetailVC.swift */ = {isa = PBXFileReference; lastKnownFileType = sourcecode.swift; path = PagingDetailVC.swift; sourceTree = "<group>"; tabWidth = 5; };
		D339252B24DA77C500BA3D25 /* Networking.swift */ = {isa = PBXFileReference; lastKnownFileType = sourcecode.swift; path = Networking.swift; sourceTree = "<group>"; };
		D345C46F26F1941400C357C5 /* BarCodeVC.swift */ = {isa = PBXFileReference; lastKnownFileType = sourcecode.swift; path = BarCodeVC.swift; sourceTree = "<group>"; };
		D345C47826F1B75B00C357C5 /* UPCScan.swift */ = {isa = PBXFileReference; lastKnownFileType = sourcecode.swift; path = UPCScan.swift; sourceTree = "<group>"; };
		D350F64C278BF48900F1B87B /* AngleView.swift */ = {isa = PBXFileReference; lastKnownFileType = sourcecode.swift; path = AngleView.swift; sourceTree = "<group>"; };
		D356AC34255F8C5400FE02A8 /* MediaVC.swift */ = {isa = PBXFileReference; lastKnownFileType = sourcecode.swift; path = MediaVC.swift; sourceTree = "<group>"; };
		D356AC3C2560453500FE02A8 /* MediaCollectionViewCell.swift */ = {isa = PBXFileReference; lastKnownFileType = sourcecode.swift; path = MediaCollectionViewCell.swift; sourceTree = "<group>"; };
		D356AC3E2560604300FE02A8 /* BoxartTableViewCell.swift */ = {isa = PBXFileReference; lastKnownFileType = sourcecode.swift; path = BoxartTableViewCell.swift; sourceTree = "<group>"; };
		D356AC402560605600FE02A8 /* ScreenshotTableViewCell.swift */ = {isa = PBXFileReference; lastKnownFileType = sourcecode.swift; path = ScreenshotTableViewCell.swift; sourceTree = "<group>"; };
		D356AC422560606100FE02A8 /* FanartTableViewCell.swift */ = {isa = PBXFileReference; lastKnownFileType = sourcecode.swift; path = FanartTableViewCell.swift; sourceTree = "<group>"; };
		D356AC442560607A00FE02A8 /* BoxartCollectionViewCell.swift */ = {isa = PBXFileReference; lastKnownFileType = sourcecode.swift; path = BoxartCollectionViewCell.swift; sourceTree = "<group>"; };
		D356AC462560608900FE02A8 /* ScreenshotCollectionViewCell.swift */ = {isa = PBXFileReference; lastKnownFileType = sourcecode.swift; path = ScreenshotCollectionViewCell.swift; sourceTree = "<group>"; };
		D356AC482560609300FE02A8 /* FanartCollectionViewCell.swift */ = {isa = PBXFileReference; lastKnownFileType = sourcecode.swift; path = FanartCollectionViewCell.swift; sourceTree = "<group>"; };
		D359573B25C257260082A8F6 /* WishlistVC.swift */ = {isa = PBXFileReference; lastKnownFileType = sourcecode.swift; path = WishlistVC.swift; sourceTree = "<group>"; };
		D359573D25C25C4A0082A8F6 /* WishlistCollectionViewCell.swift */ = {isa = PBXFileReference; lastKnownFileType = sourcecode.swift; path = WishlistCollectionViewCell.swift; sourceTree = "<group>"; };
		D359CDBB2568F702004292E7 /* MyGameCollectionViewCell.swift */ = {isa = PBXFileReference; lastKnownFileType = sourcecode.swift; path = MyGameCollectionViewCell.swift; sourceTree = "<group>"; };
		D359CDE2256B6D65004292E7 /* MyGameVC+CoreData.swift */ = {isa = PBXFileReference; lastKnownFileType = sourcecode.swift; path = "MyGameVC+CoreData.swift"; sourceTree = "<group>"; };
		D35D2D32254400690079121C /* FilterVC.swift */ = {isa = PBXFileReference; lastKnownFileType = sourcecode.swift; path = FilterVC.swift; sourceTree = "<group>"; };
		D35D2D34254400A60079121C /* FilterVCTableViewCell.swift */ = {isa = PBXFileReference; lastKnownFileType = sourcecode.swift; path = FilterVCTableViewCell.swift; sourceTree = "<group>"; };
		D36048A926F5AFD1005EDD2D /* BarcodeTableViewCell.swift */ = {isa = PBXFileReference; lastKnownFileType = sourcecode.swift; path = BarcodeTableViewCell.swift; sourceTree = "<group>"; };
		D36048AD26F81B37005EDD2D /* barcodescanner.json */ = {isa = PBXFileReference; fileEncoding = 4; lastKnownFileType = text.json; path = barcodescanner.json; sourceTree = "<group>"; };
		D36048AF26F84D57005EDD2D /* barcodescannerwhite.json */ = {isa = PBXFileReference; fileEncoding = 4; lastKnownFileType = text.json; path = barcodescannerwhite.json; sourceTree = "<group>"; };
		D361FB7526FAB3AC00C41380 /* PriceInfo.swift */ = {isa = PBXFileReference; lastKnownFileType = sourcecode.swift; path = PriceInfo.swift; sourceTree = "<group>"; };
		D36821EE2619806700594860 /* FullImageVC.swift */ = {isa = PBXFileReference; lastKnownFileType = sourcecode.swift; path = FullImageVC.swift; sourceTree = "<group>"; };
		D36821F12624863D00594860 /* IGDBGames.swift */ = {isa = PBXFileReference; lastKnownFileType = sourcecode.swift; path = IGDBGames.swift; sourceTree = "<group>"; };
		D36C597F26E16A8500863BDA /* GradientButton.swift */ = {isa = PBXFileReference; lastKnownFileType = sourcecode.swift; path = GradientButton.swift; sourceTree = "<group>"; };
		D36D9C7626368394004356FE /* PlatformFilterMenuVC.swift */ = {isa = PBXFileReference; lastKnownFileType = sourcecode.swift; path = PlatformFilterMenuVC.swift; sourceTree = "<group>"; };
		D370D9E1278D374600F127C7 /* RoundedView.swift */ = {isa = PBXFileReference; lastKnownFileType = sourcecode.swift; path = RoundedView.swift; sourceTree = "<group>"; };
		D370D9E5278D42D900F127C7 /* ReverseAngleView.swift */ = {isa = PBXFileReference; lastKnownFileType = sourcecode.swift; path = ReverseAngleView.swift; sourceTree = "<group>"; };
		D370D9E7278DEEC500F127C7 /* ViewControllerCVCell.swift */ = {isa = PBXFileReference; lastKnownFileType = sourcecode.swift; path = ViewControllerCVCell.swift; sourceTree = "<group>"; };
		D37210232533E927004751A5 /* OwnedGamesViewController.swift */ = {isa = PBXFileReference; lastKnownFileType = sourcecode.swift; path = OwnedGamesViewController.swift; sourceTree = "<group>"; };
		D37210252533EF1A004751A5 /* OwnedGamesVCTableViewCell.swift */ = {isa = PBXFileReference; lastKnownFileType = sourcecode.swift; path = OwnedGamesVCTableViewCell.swift; sourceTree = "<group>"; };
		D372102725340D86004751A5 /* ImageBaseURLs.swift */ = {isa = PBXFileReference; lastKnownFileType = sourcecode.swift; path = ImageBaseURLs.swift; sourceTree = "<group>"; };
		D374D042253E802B005CD5C5 /* OwnedGamesVC+CoreData.swift */ = {isa = PBXFileReference; lastKnownFileType = sourcecode.swift; path = "OwnedGamesVC+CoreData.swift"; sourceTree = "<group>"; };
		D374D04C2540CC34005CD5C5 /* PlatformsTableViewCell.swift */ = {isa = PBXFileReference; lastKnownFileType = sourcecode.swift; path = PlatformsTableViewCell.swift; sourceTree = "<group>"; };
		D374D04E2540CD40005CD5C5 /* PlatformsVC.swift */ = {isa = PBXFileReference; lastKnownFileType = sourcecode.swift; path = PlatformsVC.swift; sourceTree = "<group>"; };
		D374D050254102B7005CD5C5 /* PlatformsVC+CoreData.swift */ = {isa = PBXFileReference; lastKnownFileType = sourcecode.swift; path = "PlatformsVC+CoreData.swift"; sourceTree = "<group>"; };
		D375D4712641F8E300DC8672 /* IGDBGenres.swift */ = {isa = PBXFileReference; lastKnownFileType = sourcecode.swift; path = IGDBGenres.swift; sourceTree = "<group>"; };
		D375D47526446EFF00DC8672 /* ComingSoonCell.swift */ = {isa = PBXFileReference; lastKnownFileType = sourcecode.swift; path = ComingSoonCell.swift; sourceTree = "<group>"; };
		D375D47726447A0500DC8672 /* SpotlightVC.swift */ = {isa = PBXFileReference; lastKnownFileType = sourcecode.swift; path = SpotlightVC.swift; sourceTree = "<group>"; };
		D375D4792645E31500DC8672 /* NewReleasesCell.swift */ = {isa = PBXFileReference; lastKnownFileType = sourcecode.swift; path = NewReleasesCell.swift; sourceTree = "<group>"; };
		D375D47B264663C400DC8672 /* TopTwentyCell.swift */ = {isa = PBXFileReference; lastKnownFileType = sourcecode.swift; path = TopTwentyCell.swift; sourceTree = "<group>"; };
		D375D47D26472D1900DC8672 /* SpotlightHeaderView.swift */ = {isa = PBXFileReference; lastKnownFileType = sourcecode.swift; path = SpotlightHeaderView.swift; sourceTree = "<group>"; };
		D3779699273224DA00ABF7B6 /* AdvancedSearchResultsVC+CoreData.swift */ = {isa = PBXFileReference; lastKnownFileType = sourcecode.swift; path = "AdvancedSearchResultsVC+CoreData.swift"; sourceTree = "<group>"; };
		D3790E9C275B0D9B00CAC749 /* IntroView.swift */ = {isa = PBXFileReference; fileEncoding = 4; lastKnownFileType = sourcecode.swift; path = IntroView.swift; sourceTree = "<group>"; };
		D3790E9E275B0DA400CAC749 /* OnboardView.swift */ = {isa = PBXFileReference; fileEncoding = 4; lastKnownFileType = sourcecode.swift; path = OnboardView.swift; sourceTree = "<group>"; };
		D37A680325049E8500DF706D /* CoverImageCollectionViewCell.swift */ = {isa = PBXFileReference; lastKnownFileType = sourcecode.swift; path = CoverImageCollectionViewCell.swift; sourceTree = "<group>"; };
		D37FEF472792754E00F04000 /* TableFormatView.xib */ = {isa = PBXFileReference; lastKnownFileType = file.xib; path = TableFormatView.xib; sourceTree = "<group>"; };
		D3812EE92418140700F0B8F2 /* DetailViewController.swift */ = {isa = PBXFileReference; fileEncoding = 4; lastKnownFileType = sourcecode.swift; path = DetailViewController.swift; sourceTree = "<group>"; };
		D3812EEB2418144800F0B8F2 /* ViewController.swift */ = {isa = PBXFileReference; lastKnownFileType = sourcecode.swift; path = ViewController.swift; sourceTree = "<group>"; };
		D382AF6E2655DB97007FCEF8 /* ImagePageVC.swift */ = {isa = PBXFileReference; lastKnownFileType = sourcecode.swift; path = ImagePageVC.swift; sourceTree = "<group>"; };
		D386150D2741870300383969 /* VerticalAlignedLabel.swift */ = {isa = PBXFileReference; lastKnownFileType = sourcecode.swift; path = VerticalAlignedLabel.swift; sourceTree = "<group>"; };
		D3877C862430096A006865FB /* ViewControllerTableViewCell.swift */ = {isa = PBXFileReference; lastKnownFileType = sourcecode.swift; path = ViewControllerTableViewCell.swift; sourceTree = "<group>"; };
		D3877C8824304094006865FB /* DetailVCCollectionViewCell.swift */ = {isa = PBXFileReference; lastKnownFileType = sourcecode.swift; path = DetailVCCollectionViewCell.swift; sourceTree = "<group>"; };
		D389B56C241005B900B8BA54 /* gameology.app */ = {isa = PBXFileReference; explicitFileType = wrapper.application; includeInIndex = 0; path = gameology.app; sourceTree = BUILT_PRODUCTS_DIR; };
		D389B56F241005B900B8BA54 /* AppDelegate.swift */ = {isa = PBXFileReference; lastKnownFileType = sourcecode.swift; path = AppDelegate.swift; sourceTree = "<group>"; };
		D389B571241005B900B8BA54 /* SceneDelegate.swift */ = {isa = PBXFileReference; lastKnownFileType = sourcecode.swift; path = SceneDelegate.swift; sourceTree = "<group>"; };
		D389B578241005C000B8BA54 /* Assets.xcassets */ = {isa = PBXFileReference; lastKnownFileType = folder.assetcatalog; path = Assets.xcassets; sourceTree = "<group>"; };
		D389B57B241005C000B8BA54 /* Base */ = {isa = PBXFileReference; lastKnownFileType = file.storyboard; name = Base; path = Base.lproj/LaunchScreen.storyboard; sourceTree = "<group>"; };
		D389B57D241005C000B8BA54 /* Info.plist */ = {isa = PBXFileReference; lastKnownFileType = text.plist.xml; path = Info.plist; sourceTree = "<group>"; };
		D38C4874253B5FDE00DE93BC /* Collector 2.xcdatamodel */ = {isa = PBXFileReference; lastKnownFileType = wrapper.xcdatamodel; path = "Collector 2.xcdatamodel"; sourceTree = "<group>"; };
		D390288527556E52008AF432 /* logoanimation.json */ = {isa = PBXFileReference; fileEncoding = 4; lastKnownFileType = text.json; path = logoanimation.json; sourceTree = "<group>"; };
		D390288927556FBA008AF432 /* logo.json */ = {isa = PBXFileReference; fileEncoding = 4; lastKnownFileType = text.json; path = logo.json; sourceTree = "<group>"; };
		D394487C272DAA4800ADD685 /* AdvancedSearchResultsCell.swift */ = {isa = PBXFileReference; lastKnownFileType = sourcecode.swift; path = AdvancedSearchResultsCell.swift; sourceTree = "<group>"; };
		D39538BD2727AC770035E483 /* AlignedCollectionViewFlowLayout.swift */ = {isa = PBXFileReference; fileEncoding = 4; lastKnownFileType = sourcecode.swift; path = AlignedCollectionViewFlowLayout.swift; sourceTree = "<group>"; };
		D39AF113277439EA000764AB /* Constants.swift */ = {isa = PBXFileReference; fileEncoding = 4; lastKnownFileType = sourcecode.swift; path = Constants.swift; sourceTree = "<group>"; };
		D39AF11627768D71000764AB /* Secrets.swift */ = {isa = PBXFileReference; lastKnownFileType = sourcecode.swift; path = Secrets.swift; sourceTree = "<group>"; };
		D39B7815275E9895004231D7 /* OnboardVC.swift */ = {isa = PBXFileReference; lastKnownFileType = sourcecode.swift; path = OnboardVC.swift; sourceTree = "<group>"; };
		D39DAC7625E49C45007D3B84 /* README.md */ = {isa = PBXFileReference; fileEncoding = 4; lastKnownFileType = net.daringfireball.markdown; name = README.md; path = ../../../../Desktop/README.md; sourceTree = "<group>"; };
		D39DAC7825E49CB3007D3B84 /* image1 2.png */ = {isa = PBXFileReference; lastKnownFileType = image.png; name = "image1 2.png"; path = "../../../../Desktop/image1 2.png"; sourceTree = "<group>"; };
		D39DAC7A25EB5DF2007D3B84 /* WishlistVC+CoreData.swift */ = {isa = PBXFileReference; lastKnownFileType = sourcecode.swift; path = "WishlistVC+CoreData.swift"; sourceTree = "<group>"; };
		D39EB8E826D72DC500E88166 /* collector.podspec.json */ = {isa = PBXFileReference; fileEncoding = 4; lastKnownFileType = text.json; path = collector.podspec.json; sourceTree = "<group>"; };
		D39EB8EA26D7325000E88166 /* Pods-gameology-acknowledgements.plist */ = {isa = PBXFileReference; fileEncoding = 4; lastKnownFileType = text.plist.xml; path = "Pods-gameology-acknowledgements.plist"; sourceTree = "<group>"; };
		D3A3BA49259E610100C84E63 /* PagingDetailVC+CoreData.swift */ = {isa = PBXFileReference; lastKnownFileType = sourcecode.swift; path = "PagingDetailVC+CoreData.swift"; sourceTree = "<group>"; };
		D3AA2A4F25CE66D700FC3958 /* WishlistHeaderView.swift */ = {isa = PBXFileReference; lastKnownFileType = sourcecode.swift; path = WishlistHeaderView.swift; sourceTree = "<group>"; };
		D3AA2A5325D6218900FC3958 /* RoundedGradientButton.swift */ = {isa = PBXFileReference; lastKnownFileType = sourcecode.swift; path = RoundedGradientButton.swift; sourceTree = "<group>"; };
		D3AA2A5525D78C8100FC3958 /* ExpandablePlatforms.swift */ = {isa = PBXFileReference; lastKnownFileType = sourcecode.swift; path = ExpandablePlatforms.swift; sourceTree = "<group>"; };
		D3AB2A052795E12F005EDE0C /* VCHeaderView.swift */ = {isa = PBXFileReference; lastKnownFileType = sourcecode.swift; path = VCHeaderView.swift; sourceTree = "<group>"; };
		D3AB9025270519A700EE90CD /* GameGenre+CoreDataClass.swift */ = {isa = PBXFileReference; lastKnownFileType = sourcecode.swift; path = "GameGenre+CoreDataClass.swift"; sourceTree = "<group>"; };
		D3AB9026270519A700EE90CD /* GameGenre+CoreDataProperties.swift */ = {isa = PBXFileReference; lastKnownFileType = sourcecode.swift; path = "GameGenre+CoreDataProperties.swift"; sourceTree = "<group>"; };
		D3AB9027270519A700EE90CD /* Platform+CoreDataClass.swift */ = {isa = PBXFileReference; lastKnownFileType = sourcecode.swift; path = "Platform+CoreDataClass.swift"; sourceTree = "<group>"; };
		D3AB9028270519A700EE90CD /* Platform+CoreDataProperties.swift */ = {isa = PBXFileReference; lastKnownFileType = sourcecode.swift; path = "Platform+CoreDataProperties.swift"; sourceTree = "<group>"; };
		D3AB9029270519A700EE90CD /* Photos+CoreDataClass.swift */ = {isa = PBXFileReference; lastKnownFileType = sourcecode.swift; path = "Photos+CoreDataClass.swift"; sourceTree = "<group>"; };
		D3AB902A270519A700EE90CD /* Photos+CoreDataProperties.swift */ = {isa = PBXFileReference; lastKnownFileType = sourcecode.swift; path = "Photos+CoreDataProperties.swift"; sourceTree = "<group>"; };
		D3AB902B270519A700EE90CD /* WishList+CoreDataClass.swift */ = {isa = PBXFileReference; lastKnownFileType = sourcecode.swift; path = "WishList+CoreDataClass.swift"; sourceTree = "<group>"; };
		D3AB902C270519A700EE90CD /* WishList+CoreDataProperties.swift */ = {isa = PBXFileReference; lastKnownFileType = sourcecode.swift; path = "WishList+CoreDataProperties.swift"; sourceTree = "<group>"; };
		D3AB902D270519A700EE90CD /* SavedGames+CoreDataClass.swift */ = {isa = PBXFileReference; lastKnownFileType = sourcecode.swift; path = "SavedGames+CoreDataClass.swift"; sourceTree = "<group>"; };
		D3AB902E270519A700EE90CD /* SavedGames+CoreDataProperties.swift */ = {isa = PBXFileReference; lastKnownFileType = sourcecode.swift; path = "SavedGames+CoreDataProperties.swift"; sourceTree = "<group>"; };
		D3AF79B727659DB000ABDEFF /* SplashView.swift */ = {isa = PBXFileReference; lastKnownFileType = sourcecode.swift; path = SplashView.swift; sourceTree = "<group>"; };
		D3AFF6782462403E00DA8EB0 /* Constants.swift */ = {isa = PBXFileReference; lastKnownFileType = sourcecode.swift; path = Constants.swift; sourceTree = "<group>"; };
		D3B189992602E55200E3F4B3 /* MenuTableViewController.swift */ = {isa = PBXFileReference; lastKnownFileType = sourcecode.swift; name = MenuTableViewController.swift; path = collector/Controller/MenuTableViewController.swift; sourceTree = SOURCE_ROOT; };
		D3B1899C2602E8EE00E3F4B3 /* UIApplicationExtension.swift */ = {isa = PBXFileReference; fileEncoding = 4; lastKnownFileType = sourcecode.swift; name = UIApplicationExtension.swift; path = ../../../../Helpers/UIApplicationExtension.swift; sourceTree = "<group>"; };
		D3B1899D2602E8EE00E3F4B3 /* UIDeviceExtension.swift */ = {isa = PBXFileReference; fileEncoding = 4; lastKnownFileType = sourcecode.swift; name = UIDeviceExtension.swift; path = ../../../../Helpers/UIDeviceExtension.swift; sourceTree = "<group>"; };
		D3B18E0F2751F9DA000C301C /* collector.entitlements */ = {isa = PBXFileReference; lastKnownFileType = text.plist.entitlements; path = collector.entitlements; sourceTree = "<group>"; };
		D3B18E102751F9F1000C301C /* CloudKit.framework */ = {isa = PBXFileReference; lastKnownFileType = wrapper.framework; name = CloudKit.framework; path = System/Library/Frameworks/CloudKit.framework; sourceTree = SDKROOT; };
		D3B2628627936768001785EA /* ViewControllerCVTableCell.swift */ = {isa = PBXFileReference; lastKnownFileType = sourcecode.swift; path = ViewControllerCVTableCell.swift; sourceTree = "<group>"; };
		D3B2628D2795140D001785EA /* NESAddButton.swift */ = {isa = PBXFileReference; lastKnownFileType = sourcecode.swift; path = NESAddButton.swift; sourceTree = "<group>"; };
		D3B2D4E62566F20F00E0DC0A /* MyGameVC.swift */ = {isa = PBXFileReference; lastKnownFileType = sourcecode.swift; path = MyGameVC.swift; sourceTree = "<group>"; };
		D3B90AD425B7F52E00F18817 /* RoundedShadowView.swift */ = {isa = PBXFileReference; lastKnownFileType = sourcecode.swift; path = RoundedShadowView.swift; sourceTree = "<group>"; };
		D3B90AD625B944B100F18817 /* ShadowTextField.swift */ = {isa = PBXFileReference; lastKnownFileType = sourcecode.swift; path = ShadowTextField.swift; sourceTree = "<group>"; };
		D3B97ADE24EDA35B003CA7D1 /* Common.swift */ = {isa = PBXFileReference; lastKnownFileType = sourcecode.swift; path = Common.swift; sourceTree = "<group>"; };
		D3BE41EB2633E3CC00994358 /* LoadingCell.swift */ = {isa = PBXFileReference; lastKnownFileType = sourcecode.swift; path = LoadingCell.swift; sourceTree = "<group>"; };
		D3BE41EC2633E3CC00994358 /* LoadingCell.xib */ = {isa = PBXFileReference; lastKnownFileType = file.xib; path = LoadingCell.xib; sourceTree = "<group>"; };
		D3C7C7DD271FD46700BA406B /* AdvancedSearchVC.swift */ = {isa = PBXFileReference; lastKnownFileType = sourcecode.swift; path = AdvancedSearchVC.swift; sourceTree = "<group>"; };
		D3C7C7E1271FDC8C00BA406B /* AdvancedSearchTableViewCells.swift */ = {isa = PBXFileReference; lastKnownFileType = sourcecode.swift; path = AdvancedSearchTableViewCells.swift; sourceTree = "<group>"; };
		D3D4BC9725492D0100108A44 /* AgeRangeVC.swift */ = {isa = PBXFileReference; lastKnownFileType = sourcecode.swift; path = AgeRangeVC.swift; sourceTree = "<group>"; };
		D3DB4ED12776CAE700CD3E67 /* Networking+Helpers.swift */ = {isa = PBXFileReference; lastKnownFileType = sourcecode.swift; path = "Networking+Helpers.swift"; sourceTree = "<group>"; };
		D3DDA2A326BF851A009995A5 /* Package.resolved */ = {isa = PBXFileReference; lastKnownFileType = text; path = Package.resolved; sourceTree = SOURCE_ROOT; };
		D3E92EC924FE19AC00F331BE /* WebKit.framework */ = {isa = PBXFileReference; lastKnownFileType = wrapper.framework; name = WebKit.framework; path = System/Library/Frameworks/WebKit.framework; sourceTree = SDKROOT; };
		D3F0CABB2528E4E90083681F /* PersistenceManager.swift */ = {isa = PBXFileReference; lastKnownFileType = sourcecode.swift; path = PersistenceManager.swift; sourceTree = "<group>"; };
		D3F0CABD2529A2C10083681F /* ViewController+CoreData.swift */ = {isa = PBXFileReference; lastKnownFileType = sourcecode.swift; path = "ViewController+CoreData.swift"; sourceTree = "<group>"; };
		D3F32E5226576CB2005A85F4 /* MyPhotoCell.swift */ = {isa = PBXFileReference; lastKnownFileType = sourcecode.swift; path = MyPhotoCell.swift; sourceTree = "<group>"; };
		D3F32E5626577854005A85F4 /* MyManualCell.swift */ = {isa = PBXFileReference; lastKnownFileType = sourcecode.swift; path = MyManualCell.swift; sourceTree = "<group>"; };
		D3F32E582657786F005A85F4 /* MyBoxCell.swift */ = {isa = PBXFileReference; lastKnownFileType = sourcecode.swift; path = MyBoxCell.swift; sourceTree = "<group>"; };
		D3F32E5A2659A0B1005A85F4 /* MyGameHeaderView.swift */ = {isa = PBXFileReference; lastKnownFileType = sourcecode.swift; path = MyGameHeaderView.swift; sourceTree = "<group>"; };
		D3F571F4272C6B9500F0A1E2 /* AdvancedSearchResultsVC.swift */ = {isa = PBXFileReference; lastKnownFileType = sourcecode.swift; path = AdvancedSearchResultsVC.swift; sourceTree = "<group>"; };
		D3F6C2D82757446100CC6099 /* ShapeView.swift */ = {isa = PBXFileReference; fileEncoding = 4; lastKnownFileType = sourcecode.swift; path = ShapeView.swift; sourceTree = "<group>"; };
/* End PBXFileReference section */

/* Begin PBXFrameworksBuildPhase section */
		D389B569241005B900B8BA54 /* Frameworks */ = {
			isa = PBXFrameworksBuildPhase;
			buildActionMask = 2147483647;
			files = (
				D3B18E112751F9F1000C301C /* CloudKit.framework in Frameworks */,
				D39DAC7525DF86E0007D3B84 /* SPAlert in Frameworks */,
				D3728779254F39BA006F28A8 /* NVActivityIndicatorViewExtended in Frameworks */,
				D313B8052509B61000967AB9 /* SDWebImage in Frameworks */,
				D3324529255BA70800484836 /* Parchment in Frameworks */,
				D3DDA2A226BF7F07009995A5 /* SPM-Acknowledgments in Frameworks */,
				D3A2B11A27474A1200B0BBD0 /* YoutubePlayer in Frameworks */,
				D316403726C60E2D0060B5AD /* Lottie in Frameworks */,
				D30D47682638F25F004FD097 /* DropDown.framework in Frameworks */,
				D3728777254F39BA006F28A8 /* NVActivityIndicatorView in Frameworks */,
				D345C47726F1988500C357C5 /* BarcodeScanner in Frameworks */,
				D361FB7226FA9A2500C41380 /* SwiftSoup in Frameworks */,
				D3E92ECA24FE19AC00F331BE /* WebKit.framework in Frameworks */,
				D39EB8E526D72AEE00E88166 /* AcknowList in Frameworks */,
				D37F78B12549DE6B00FA1AB2 /* MultiSlider in Frameworks */,
			);
			runOnlyForDeploymentPostprocessing = 0;
		};
/* End PBXFrameworksBuildPhase section */

/* Begin PBXGroup section */
		D3056A4E251568B5006935EF /* Model */ = {
			isa = PBXGroup;
			children = (
				D36821F0262485BD00594860 /* IGDB */,
				D339252B24DA77C500BA3D25 /* Networking.swift */,
				D3DB4ED12776CAE700CD3E67 /* Networking+Helpers.swift */,
				D361FB7526FAB3AC00C41380 /* PriceInfo.swift */,
				D3AA2A5525D78C8100FC3958 /* ExpandablePlatforms.swift */,
				D345C47826F1B75B00C357C5 /* UPCScan.swift */,
				D372102725340D86004751A5 /* ImageBaseURLs.swift */,
				D3F0CABB2528E4E90083681F /* PersistenceManager.swift */,
				D38C4873253B5FDE00DE93BC /* Collector.xcdatamodeld */,
			);
			path = Model;
			sourceTree = "<group>";
		};
		D3056A50251568ED006935EF /* View */ = {
			isa = PBXGroup;
			children = (
				D3DB4ED62777D04000CD3E67 /* Headers */,
				D3DB4ED52777CD0F00CD3E67 /* Cells */,
				D31BF69925073BDB0047C663 /* Main.storyboard */,
				D37FEF472792754E00F04000 /* TableFormatView.xib */,
				D3F6C2D82757446100CC6099 /* ShapeView.swift */,
				D3B2628D2795140D001785EA /* NESAddButton.swift */,
				D3790E9C275B0D9B00CAC749 /* IntroView.swift */,
				D3790E9E275B0DA400CAC749 /* OnboardView.swift */,
				D3AF79B727659DB000ABDEFF /* SplashView.swift */,
				D386150D2741870300383969 /* VerticalAlignedLabel.swift */,
				D39538BD2727AC770035E483 /* AlignedCollectionViewFlowLayout.swift */,
				D3AA2A5325D6218900FC3958 /* RoundedGradientButton.swift */,
				D3B90AD625B944B100F18817 /* ShadowTextField.swift */,
				D3B90AD425B7F52E00F18817 /* RoundedShadowView.swift */,
				D350F64C278BF48900F1B87B /* AngleView.swift */,
				D370D9E5278D42D900F127C7 /* ReverseAngleView.swift */,
				D370D9E1278D374600F127C7 /* RoundedView.swift */,
			);
			path = View;
			sourceTree = "<group>";
		};
		D3056A51251568F8006935EF /* Controller */ = {
			isa = PBXGroup;
			children = (
				D382AF6E2655DB97007FCEF8 /* ImagePageVC.swift */,
				D39B7815275E9895004231D7 /* OnboardVC.swift */,
				D3B189992602E55200E3F4B3 /* MenuTableViewController.swift */,
				D359573B25C257260082A8F6 /* WishlistVC.swift */,
				D39DAC7A25EB5DF2007D3B84 /* WishlistVC+CoreData.swift */,
				D36821EE2619806700594860 /* FullImageVC.swift */,
				D3812EEB2418144800F0B8F2 /* ViewController.swift */,
				D3F0CABD2529A2C10083681F /* ViewController+CoreData.swift */,
				D3812EE92418140700F0B8F2 /* DetailViewController.swift */,
				D3324522255B9C1000484836 /* PagingDetailVC.swift */,
				D3A3BA49259E610100C84E63 /* PagingDetailVC+CoreData.swift */,
				D37210232533E927004751A5 /* OwnedGamesViewController.swift */,
				D374D042253E802B005CD5C5 /* OwnedGamesVC+CoreData.swift */,
				D356AC34255F8C5400FE02A8 /* MediaVC.swift */,
				D3B2D4E62566F20F00E0DC0A /* MyGameVC.swift */,
				D359CDE2256B6D65004292E7 /* MyGameVC+CoreData.swift */,
				D374D04E2540CD40005CD5C5 /* PlatformsVC.swift */,
				D374D050254102B7005CD5C5 /* PlatformsVC+CoreData.swift */,
				D35D2D32254400690079121C /* FilterVC.swift */,
				D36D9C7626368394004356FE /* PlatformFilterMenuVC.swift */,
				D3D4BC9725492D0100108A44 /* AgeRangeVC.swift */,
				D375D47726447A0500DC8672 /* SpotlightVC.swift */,
				D36C597F26E16A8500863BDA /* GradientButton.swift */,
				D345C46F26F1941400C357C5 /* BarCodeVC.swift */,
				D3C7C7DD271FD46700BA406B /* AdvancedSearchVC.swift */,
				D30C81162721CF0200175770 /* AdvancedSearchTableVC.swift */,
				D3F571F4272C6B9500F0A1E2 /* AdvancedSearchResultsVC.swift */,
				D3779699273224DA00ABF7B6 /* AdvancedSearchResultsVC+CoreData.swift */,
			);
			path = Controller;
			sourceTree = "<group>";
		};
		D30D475B2638F1C2004FD097 /* Products */ = {
			isa = PBXGroup;
			children = (
				D30D47612638F1C2004FD097 /* Demo.app */,
				D30D47632638F1C2004FD097 /* DropDownTests.xctest */,
				D30D47652638F1C2004FD097 /* DropDown.framework */,
			);
			name = Products;
			sourceTree = "<group>";
		};
		D36821F0262485BD00594860 /* IGDB */ = {
			isa = PBXGroup;
			children = (
				D36821F12624863D00594860 /* IGDBGames.swift */,
				D33196B9262A050C00F18693 /* IGDBPlatforms.swift */,
				D375D4712641F8E300DC8672 /* IGDBGenres.swift */,
			);
			path = IGDB;
			sourceTree = "<group>";
		};
		D389B563241005B900B8BA54 = {
			isa = PBXGroup;
			children = (
				D3AB9025270519A700EE90CD /* GameGenre+CoreDataClass.swift */,
				D3AB9026270519A700EE90CD /* GameGenre+CoreDataProperties.swift */,
				D3AB9027270519A700EE90CD /* Platform+CoreDataClass.swift */,
				D3AB9028270519A700EE90CD /* Platform+CoreDataProperties.swift */,
				D3AB9029270519A700EE90CD /* Photos+CoreDataClass.swift */,
				D3AB902A270519A700EE90CD /* Photos+CoreDataProperties.swift */,
				D3AB902B270519A700EE90CD /* WishList+CoreDataClass.swift */,
				D3AB902C270519A700EE90CD /* WishList+CoreDataProperties.swift */,
				D3AB902D270519A700EE90CD /* SavedGames+CoreDataClass.swift */,
				D3AB902E270519A700EE90CD /* SavedGames+CoreDataProperties.swift */,
				D30D474D2638F18D004FD097 /* DropDown.xcodeproj */,
				D389B56E241005B900B8BA54 /* collector */,
				D389B56D241005B900B8BA54 /* Products */,
				D3E92EC824FE19AC00F331BE /* Frameworks */,
			);
			sourceTree = "<group>";
		};
		D389B56D241005B900B8BA54 /* Products */ = {
			isa = PBXGroup;
			children = (
				D389B56C241005B900B8BA54 /* gameology.app */,
			);
			name = Products;
			sourceTree = "<group>";
		};
		D389B56E241005B900B8BA54 /* collector */ = {
			isa = PBXGroup;
			children = (
				D3B18E0F2751F9DA000C301C /* collector.entitlements */,
				D39AF11527743CDF000764AB /* Animations */,
				D3B1899B2602E8DF00E3F4B3 /* Helpers */,
				D3056A4E251568B5006935EF /* Model */,
				D3056A50251568ED006935EF /* View */,
				D3056A51251568F8006935EF /* Controller */,
				D389B56F241005B900B8BA54 /* AppDelegate.swift */,
				D389B571241005B900B8BA54 /* SceneDelegate.swift */,
				D39AF113277439EA000764AB /* Constants.swift */,
				D3AFF6782462403E00DA8EB0 /* Constants.swift */,
				D39AF11627768D71000764AB /* Secrets.swift */,
				D30D47492638CDBA004FD097 /* DropdownPickerView.swift */,
				D32CA0BB266B427D004DE5ED /* KDCircularProgress.swift */,
				D39EB8E826D72DC500E88166 /* collector.podspec.json */,
				D39DAC7625E49C45007D3B84 /* README.md */,
				D39EB8EA26D7325000E88166 /* Pods-gameology-acknowledgements.plist */,
				D39DAC7825E49CB3007D3B84 /* image1 2.png */,
				D3DDA2A326BF851A009995A5 /* Package.resolved */,
				D389B578241005C000B8BA54 /* Assets.xcassets */,
				D389B57A241005C000B8BA54 /* LaunchScreen.storyboard */,
				D389B57D241005C000B8BA54 /* Info.plist */,
			);
			path = collector;
			sourceTree = "<group>";
		};
		D39AF11527743CDF000764AB /* Animations */ = {
			isa = PBXGroup;
			children = (
				D390288927556FBA008AF432 /* logo.json */,
				D390288527556E52008AF432 /* logoanimation.json */,
				D36048AF26F84D57005EDD2D /* barcodescannerwhite.json */,
				D36048AD26F81B37005EDD2D /* barcodescanner.json */,
				D316403A26C613D70060B5AD /* game.json */,
				D305535726C8B7B1007F7D39 /* glogo.json */,
				D316404026C767350060B5AD /* gamepadgradient.json */,
				D316403E26C61CB20060B5AD /* gamepadblue.json */,
				D316403C26C616990060B5AD /* gamepad.json */,
			);
			path = Animations;
			sourceTree = "<group>";
		};
		D3B1899B2602E8DF00E3F4B3 /* Helpers */ = {
			isa = PBXGroup;
			children = (
				D3B1899C2602E8EE00E3F4B3 /* UIApplicationExtension.swift */,
				D3B1899D2602E8EE00E3F4B3 /* UIDeviceExtension.swift */,
				D3B97ADE24EDA35B003CA7D1 /* Common.swift */,
			);
			path = Helpers;
			sourceTree = "<group>";
		};
		D3DB4ED52777CD0F00CD3E67 /* Cells */ = {
			isa = PBXGroup;
			children = (
				D36048A926F5AFD1005EDD2D /* BarcodeTableViewCell.swift */,
				D319D17F26116CA800DBD004 /* DetailVCTableViewCells.swift */,
				D359CDBB2568F702004292E7 /* MyGameCollectionViewCell.swift */,
				D309444B25679050002E314A /* MyGameTableViewCells.swift */,
				D356AC402560605600FE02A8 /* ScreenshotTableViewCell.swift */,
				D356AC462560608900FE02A8 /* ScreenshotCollectionViewCell.swift */,
				D356AC422560606100FE02A8 /* FanartTableViewCell.swift */,
				D356AC482560609300FE02A8 /* FanartCollectionViewCell.swift */,
				D356AC3E2560604300FE02A8 /* BoxartTableViewCell.swift */,
				D356AC442560607A00FE02A8 /* BoxartCollectionViewCell.swift */,
				D3BE41EB2633E3CC00994358 /* LoadingCell.swift */,
				D3BE41EC2633E3CC00994358 /* LoadingCell.xib */,
				D356AC3C2560453500FE02A8 /* MediaCollectionViewCell.swift */,
				D3877C862430096A006865FB /* ViewControllerTableViewCell.swift */,
				D37A680325049E8500DF706D /* CoverImageCollectionViewCell.swift */,
				D3877C8824304094006865FB /* DetailVCCollectionViewCell.swift */,
				D37210252533EF1A004751A5 /* OwnedGamesVCTableViewCell.swift */,
				D374D04C2540CC34005CD5C5 /* PlatformsTableViewCell.swift */,
				D359573D25C25C4A0082A8F6 /* WishlistCollectionViewCell.swift */,
				D35D2D34254400A60079121C /* FilterVCTableViewCell.swift */,
				D375D47526446EFF00DC8672 /* ComingSoonCell.swift */,
				D3F32E5226576CB2005A85F4 /* MyPhotoCell.swift */,
				D3F32E5626577854005A85F4 /* MyManualCell.swift */,
				D3F32E582657786F005A85F4 /* MyBoxCell.swift */,
				D375D4792645E31500DC8672 /* NewReleasesCell.swift */,
				D375D47B264663C400DC8672 /* TopTwentyCell.swift */,
				D3C7C7E1271FDC8C00BA406B /* AdvancedSearchTableViewCells.swift */,
				D394487C272DAA4800ADD685 /* AdvancedSearchResultsCell.swift */,
				D370D9E7278DEEC500F127C7 /* ViewControllerCVCell.swift */,
				D3B2628627936768001785EA /* ViewControllerCVTableCell.swift */,
			);
			path = Cells;
			sourceTree = "<group>";
		};
		D3DB4ED62777D04000CD3E67 /* Headers */ = {
			isa = PBXGroup;
			children = (
				D3AA2A4F25CE66D700FC3958 /* WishlistHeaderView.swift */,
				D30C811C2721EA5600175770 /* AdvancedSearchHeader.swift */,
				D3F32E5A2659A0B1005A85F4 /* MyGameHeaderView.swift */,
				D375D47D26472D1900DC8672 /* SpotlightHeaderView.swift */,
				D3AB2A052795E12F005EDE0C /* VCHeaderView.swift */,
			);
			path = Headers;
			sourceTree = "<group>";
		};
		D3E92EC824FE19AC00F331BE /* Frameworks */ = {
			isa = PBXGroup;
			children = (
				D3B18E102751F9F1000C301C /* CloudKit.framework */,
				D3E92EC924FE19AC00F331BE /* WebKit.framework */,
			);
			name = Frameworks;
			sourceTree = "<group>";
		};
/* End PBXGroup section */

/* Begin PBXNativeTarget section */
		D389B56B241005B900B8BA54 /* gameology */ = {
			isa = PBXNativeTarget;
			buildConfigurationList = D389B580241005C000B8BA54 /* Build configuration list for PBXNativeTarget "gameology" */;
			buildPhases = (
				D389B568241005B900B8BA54 /* Sources */,
				D389B569241005B900B8BA54 /* Frameworks */,
				D389B56A241005B900B8BA54 /* Resources */,
				D36614F525154B0A0065854B /* Embed Frameworks */,
				D36614F625154EA40065854B /* Copy Package.resolved */,
			);
			buildRules = (
			);
			dependencies = (
				D30D47672638F24B004FD097 /* PBXTargetDependency */,
			);
			name = gameology;
			packageProductDependencies = (
				D313B8042509B61000967AB9 /* SDWebImage */,
				D37F78B02549DE6B00FA1AB2 /* MultiSlider */,
				D3728776254F39BA006F28A8 /* NVActivityIndicatorView */,
				D3728778254F39BA006F28A8 /* NVActivityIndicatorViewExtended */,
				D3324528255BA70800484836 /* Parchment */,
				D39DAC7425DF86E0007D3B84 /* SPAlert */,
				D3DDA2A126BF7F07009995A5 /* SPM-Acknowledgments */,
				D316403626C60E2D0060B5AD /* Lottie */,
				D39EB8E426D72AEE00E88166 /* AcknowList */,
				D345C47626F1988500C357C5 /* BarcodeScanner */,
				D361FB7126FA9A2500C41380 /* SwiftSoup */,
				D3A2B11927474A1200B0BBD0 /* YoutubePlayer */,
			);
			productName = collector;
			productReference = D389B56C241005B900B8BA54 /* gameology.app */;
			productType = "com.apple.product-type.application";
		};
/* End PBXNativeTarget section */

/* Begin PBXProject section */
		D389B564241005B900B8BA54 /* Project object */ = {
			isa = PBXProject;
			attributes = {
				LastSwiftUpdateCheck = 1110;
				LastUpgradeCheck = 1250;
				ORGANIZATIONNAME = Brian;
				TargetAttributes = {
					D389B56B241005B900B8BA54 = {
						CreatedOnToolsVersion = 11.1;
					};
				};
			};
			buildConfigurationList = D389B567241005B900B8BA54 /* Build configuration list for PBXProject "gameology" */;
			compatibilityVersion = "Xcode 9.3";
			developmentRegion = en;
			hasScannedForEncodings = 0;
			knownRegions = (
				en,
				Base,
			);
			mainGroup = D389B563241005B900B8BA54;
			packageReferences = (
				D313B8032509B61000967AB9 /* XCRemoteSwiftPackageReference "SDWebImage" */,
				D37F78AF2549DE6B00FA1AB2 /* XCRemoteSwiftPackageReference "MultiSlider" */,
				D3728775254F39BA006F28A8 /* XCRemoteSwiftPackageReference "NVActivityIndicatorView" */,
				D3324527255BA70800484836 /* XCRemoteSwiftPackageReference "Parchment" */,
				D39DAC7325DF86DF007D3B84 /* XCRemoteSwiftPackageReference "SPAlert" */,
				D3DDA2A026BF7F05009995A5 /* XCRemoteSwiftPackageReference "SPM-Acknowledgments" */,
				D316403526C60E2C0060B5AD /* XCRemoteSwiftPackageReference "lottie-ios" */,
				D39EB8E326D72AEE00E88166 /* XCRemoteSwiftPackageReference "AcknowList" */,
				D345C47526F1988500C357C5 /* XCRemoteSwiftPackageReference "BarcodeScanner" */,
				D361FB7026FA9A2500C41380 /* XCRemoteSwiftPackageReference "SwiftSoup" */,
				D3A2B11827474A1200B0BBD0 /* XCRemoteSwiftPackageReference "YoutubePlayer" */,
			);
			productRefGroup = D389B56D241005B900B8BA54 /* Products */;
			projectDirPath = "";
			projectReferences = (
				{
					ProductGroup = D30D475B2638F1C2004FD097 /* Products */;
					ProjectRef = D30D474D2638F18D004FD097 /* DropDown.xcodeproj */;
				},
			);
			projectRoot = "";
			targets = (
				D389B56B241005B900B8BA54 /* gameology */,
			);
		};
/* End PBXProject section */

/* Begin PBXReferenceProxy section */
		D30D47612638F1C2004FD097 /* Demo.app */ = {
			isa = PBXReferenceProxy;
			fileType = wrapper.application;
			path = Demo.app;
			remoteRef = D30D47602638F1C2004FD097 /* PBXContainerItemProxy */;
			sourceTree = BUILT_PRODUCTS_DIR;
		};
		D30D47632638F1C2004FD097 /* DropDownTests.xctest */ = {
			isa = PBXReferenceProxy;
			fileType = wrapper.cfbundle;
			path = DropDownTests.xctest;
			remoteRef = D30D47622638F1C2004FD097 /* PBXContainerItemProxy */;
			sourceTree = BUILT_PRODUCTS_DIR;
		};
		D30D47652638F1C2004FD097 /* DropDown.framework */ = {
			isa = PBXReferenceProxy;
			fileType = wrapper.framework;
			path = DropDown.framework;
			remoteRef = D30D47642638F1C2004FD097 /* PBXContainerItemProxy */;
			sourceTree = BUILT_PRODUCTS_DIR;
		};
/* End PBXReferenceProxy section */

/* Begin PBXResourcesBuildPhase section */
		D389B56A241005B900B8BA54 /* Resources */ = {
			isa = PBXResourcesBuildPhase;
			buildActionMask = 2147483647;
			files = (
				D39EB8EB26D7325000E88166 /* Pods-gameology-acknowledgements.plist in Resources */,
				D3BE41EE2633E3CC00994358 /* LoadingCell.xib in Resources */,
				D316403B26C613D70060B5AD /* game.json in Resources */,
				D390288827556E52008AF432 /* logoanimation.json in Resources */,
				D31BF69A25073BDB0047C663 /* Main.storyboard in Resources */,
				D316403F26C61CB20060B5AD /* gamepadblue.json in Resources */,
				D37FEF482792754F00F04000 /* TableFormatView.xib in Resources */,
				D390288A27556FBA008AF432 /* logo.json in Resources */,
				D36048AE26F81B39005EDD2D /* barcodescanner.json in Resources */,
				D316403D26C616990060B5AD /* gamepad.json in Resources */,
				D36048B026F84D59005EDD2D /* barcodescannerwhite.json in Resources */,
				D39EB8E926D72DC500E88166 /* collector.podspec.json in Resources */,
				D39DAC7725E49C45007D3B84 /* README.md in Resources */,
				D39DAC7925E49CB3007D3B84 /* image1 2.png in Resources */,
				D389B57C241005C000B8BA54 /* LaunchScreen.storyboard in Resources */,
				D316404126C767350060B5AD /* gamepadgradient.json in Resources */,
				D305535A26C8B7B1007F7D39 /* glogo.json in Resources */,
				D3DDA2A426BF851A009995A5 /* Package.resolved in Resources */,
				D389B579241005C000B8BA54 /* Assets.xcassets in Resources */,
			);
			runOnlyForDeploymentPostprocessing = 0;
		};
/* End PBXResourcesBuildPhase section */

/* Begin PBXShellScriptBuildPhase section */
		D36614F625154EA40065854B /* Copy Package.resolved */ = {
			isa = PBXShellScriptBuildPhase;
			buildActionMask = 2147483647;
			files = (
			);
			inputFileListPaths = (
			);
			inputPaths = (
			);
			name = "Copy Package.resolved";
			outputFileListPaths = (
			);
			outputPaths = (
				"/Users/brian/Documents/Autosave\\ Information/collector \n/Package.resolved",
			);
			runOnlyForDeploymentPostprocessing = 0;
			shellPath = /bin/sh;
			shellScript = "# Type a script or drag a script file from your workspace to insert its path.\ncp collector.xcodeproj/project.xcworkspace/xcshareddata/swiftpm/Package.resolved /Users/brian/Documents/Autosave\\ Information/collector \n\n";
		};
/* End PBXShellScriptBuildPhase section */

/* Begin PBXSourcesBuildPhase section */
		D389B568241005B900B8BA54 /* Sources */ = {
			isa = PBXSourcesBuildPhase;
			buildActionMask = 2147483647;
			files = (
				D30C811D2721EA5600175770 /* AdvancedSearchHeader.swift in Sources */,
				D374D04F2540CD40005CD5C5 /* PlatformsVC.swift in Sources */,
				D3812EEC2418144800F0B8F2 /* ViewController.swift in Sources */,
				D370D9E6278D42D900F127C7 /* ReverseAngleView.swift in Sources */,
				D374D04D2540CC34005CD5C5 /* PlatformsTableViewCell.swift in Sources */,
				D3AB9035270519A700EE90CD /* WishList+CoreDataClass.swift in Sources */,
				D3AB9032270519A700EE90CD /* Platform+CoreDataProperties.swift in Sources */,
				D3AB9034270519A700EE90CD /* Photos+CoreDataProperties.swift in Sources */,
				D3AB9038270519A700EE90CD /* SavedGames+CoreDataProperties.swift in Sources */,
				D35D2D33254400690079121C /* FilterVC.swift in Sources */,
				D377969A273224DA00ABF7B6 /* AdvancedSearchResultsVC+CoreData.swift in Sources */,
				D370D9E8278DEEC600F127C7 /* ViewControllerCVCell.swift in Sources */,
				D375D47E26472D1A00DC8672 /* SpotlightHeaderView.swift in Sources */,
				D3324523255B9C1000484836 /* PagingDetailVC.swift in Sources */,
				D339252C24DA77C500BA3D25 /* Networking.swift in Sources */,
				D32CA0BE266B427E004DE5ED /* KDCircularProgress.swift in Sources */,
				D356AC3D2560453500FE02A8 /* MediaCollectionViewCell.swift in Sources */,
				D3C7C7E2271FDC8E00BA406B /* AdvancedSearchTableViewCells.swift in Sources */,
				D3B1899E2602E8EE00E3F4B3 /* UIApplicationExtension.swift in Sources */,
				D309444C25679050002E314A /* MyGameTableViewCells.swift in Sources */,
				D3B97ADF24EDA35B003CA7D1 /* Common.swift in Sources */,
				D36048AA26F5AFD2005EDD2D /* BarcodeTableViewCell.swift in Sources */,
				D394487D272DAA4800ADD685 /* AdvancedSearchResultsCell.swift in Sources */,
				D3812EEA2418140700F0B8F2 /* DetailViewController.swift in Sources */,
				D372102825340D86004751A5 /* ImageBaseURLs.swift in Sources */,
				D3F6C2DB2757446100CC6099 /* ShapeView.swift in Sources */,
				D3AA2A5625D78C8200FC3958 /* ExpandablePlatforms.swift in Sources */,
				D386150E2741870300383969 /* VerticalAlignedLabel.swift in Sources */,
				D3AB9036270519A700EE90CD /* WishList+CoreDataProperties.swift in Sources */,
				D356AC472560608900FE02A8 /* ScreenshotCollectionViewCell.swift in Sources */,
				D3AB9037270519A700EE90CD /* SavedGames+CoreDataClass.swift in Sources */,
				D374D043253E802B005CD5C5 /* OwnedGamesVC+CoreData.swift in Sources */,
				D30C81172721CF0200175770 /* AdvancedSearchTableVC.swift in Sources */,
				D389B570241005B900B8BA54 /* AppDelegate.swift in Sources */,
				D3A3BA4A259E610100C84E63 /* PagingDetailVC+CoreData.swift in Sources */,
				D389B572241005B900B8BA54 /* SceneDelegate.swift in Sources */,
				D39B7816275E9895004231D7 /* OnboardVC.swift in Sources */,
				D356AC432560606100FE02A8 /* FanartTableViewCell.swift in Sources */,
				D39538C02727AC770035E483 /* AlignedCollectionViewFlowLayout.swift in Sources */,
				D319D18026116CA900DBD004 /* DetailVCTableViewCells.swift in Sources */,
				D375D4722641F8E300DC8672 /* IGDBGenres.swift in Sources */,
				D3AFF6792462403E00DA8EB0 /* Constants.swift in Sources */,
				D3AA2A5025CE66D700FC3958 /* WishlistHeaderView.swift in Sources */,
				D3DB4ED22776CAE700CD3E67 /* Networking+Helpers.swift in Sources */,
				D3B90AD725B944B100F18817 /* ShadowTextField.swift in Sources */,
				D37210262533EF1A004751A5 /* OwnedGamesVCTableViewCell.swift in Sources */,
				D3877C8924304094006865FB /* DetailVCCollectionViewCell.swift in Sources */,
				D3F32E5326576CB2005A85F4 /* MyPhotoCell.swift in Sources */,
				D3F0CABC2528E4E90083681F /* PersistenceManager.swift in Sources */,
				D359573E25C25C4A0082A8F6 /* WishlistCollectionViewCell.swift in Sources */,
				D3F32E5B2659A0B2005A85F4 /* MyGameHeaderView.swift in Sources */,
				D375D47826447A0500DC8672 /* SpotlightVC.swift in Sources */,
				D345C47926F1B75B00C357C5 /* UPCScan.swift in Sources */,
				D361FB7626FAB3AC00C41380 /* PriceInfo.swift in Sources */,
				D3F0CABE2529A2C10083681F /* ViewController+CoreData.swift in Sources */,
				D3BE41ED2633E3CC00994358 /* LoadingCell.swift in Sources */,
				D37210242533E927004751A5 /* OwnedGamesViewController.swift in Sources */,
				D36D9C7726368394004356FE /* PlatformFilterMenuVC.swift in Sources */,
				D33196BA262A050C00F18693 /* IGDBPlatforms.swift in Sources */,
				D37A680425049E8500DF706D /* CoverImageCollectionViewCell.swift in Sources */,
				D3AA2A5425D6218A00FC3958 /* RoundedGradientButton.swift in Sources */,
				D356AC35255F8C5400FE02A8 /* MediaVC.swift in Sources */,
				D356AC412560605600FE02A8 /* ScreenshotTableViewCell.swift in Sources */,
				D3B1899F2602E8EE00E3F4B3 /* UIDeviceExtension.swift in Sources */,
				D3B2628E2795140E001785EA /* NESAddButton.swift in Sources */,
				D3790E9F275B0DA400CAC749 /* OnboardView.swift in Sources */,
				D375D47C264663C400DC8672 /* TopTwentyCell.swift in Sources */,
				D39AF11727768D71000764AB /* Secrets.swift in Sources */,
				D3AB9033270519A700EE90CD /* Photos+CoreDataClass.swift in Sources */,
				D39DAC7B25EB5DF2007D3B84 /* WishlistVC+CoreData.swift in Sources */,
				D382AF6F2655DB98007FCEF8 /* ImagePageVC.swift in Sources */,
				D350F64D278BF48A00F1B87B /* AngleView.swift in Sources */,
				D36C598026E16A8500863BDA /* GradientButton.swift in Sources */,
				D356AC452560607A00FE02A8 /* BoxartCollectionViewCell.swift in Sources */,
				D3AB2A062795E12F005EDE0C /* VCHeaderView.swift in Sources */,
				D3C7C7DE271FD46800BA406B /* AdvancedSearchVC.swift in Sources */,
				D3B2628727936768001785EA /* ViewControllerCVTableCell.swift in Sources */,
				D3D4BC9825492D0100108A44 /* AgeRangeVC.swift in Sources */,
				D359CDE3256B6D65004292E7 /* MyGameVC+CoreData.swift in Sources */,
				D375D47A2645E31600DC8672 /* NewReleasesCell.swift in Sources */,
				D36821F22624863D00594860 /* IGDBGames.swift in Sources */,
				D359CDBC2568F702004292E7 /* MyGameCollectionViewCell.swift in Sources */,
				D30D474A2638CDBB004FD097 /* DropdownPickerView.swift in Sources */,
				D375D47626446EFF00DC8672 /* ComingSoonCell.swift in Sources */,
				D3B1899A2602E55200E3F4B3 /* MenuTableViewController.swift in Sources */,
				D3AB902F270519A700EE90CD /* GameGenre+CoreDataClass.swift in Sources */,
				D345C47026F1941400C357C5 /* BarCodeVC.swift in Sources */,
				D3790E9D275B0D9C00CAC749 /* IntroView.swift in Sources */,
				D359573C25C257260082A8F6 /* WishlistVC.swift in Sources */,
				D3AB9030270519A700EE90CD /* GameGenre+CoreDataProperties.swift in Sources */,
				D3877C872430096A006865FB /* ViewControllerTableViewCell.swift in Sources */,
				D39AF114277439EA000764AB /* Constants.swift in Sources */,
				D3F32E592657786F005A85F4 /* MyBoxCell.swift in Sources */,
				D356AC3F2560604300FE02A8 /* BoxartTableViewCell.swift in Sources */,
				D3B2D4E72566F20F00E0DC0A /* MyGameVC.swift in Sources */,
				D3AB9031270519A700EE90CD /* Platform+CoreDataClass.swift in Sources */,
				D35D2D35254400A60079121C /* FilterVCTableViewCell.swift in Sources */,
				D356AC492560609300FE02A8 /* FanartCollectionViewCell.swift in Sources */,
				D3F32E5726577854005A85F4 /* MyManualCell.swift in Sources */,
				D374D051254102B8005CD5C5 /* PlatformsVC+CoreData.swift in Sources */,
				D370D9E2278D374600F127C7 /* RoundedView.swift in Sources */,
				D38C4875253B5FDE00DE93BC /* Collector.xcdatamodeld in Sources */,
				D36821EF2619806700594860 /* FullImageVC.swift in Sources */,
				D3B90AD525B7F52E00F18817 /* RoundedShadowView.swift in Sources */,
				D3F571F5272C6B9500F0A1E2 /* AdvancedSearchResultsVC.swift in Sources */,
				D3AF79B827659DB100ABDEFF /* SplashView.swift in Sources */,
			);
			runOnlyForDeploymentPostprocessing = 0;
		};
/* End PBXSourcesBuildPhase section */

/* Begin PBXTargetDependency section */
		D30D47672638F24B004FD097 /* PBXTargetDependency */ = {
			isa = PBXTargetDependency;
			name = DropDown;
			targetProxy = D30D47662638F24B004FD097 /* PBXContainerItemProxy */;
		};
/* End PBXTargetDependency section */

/* Begin PBXVariantGroup section */
		D389B57A241005C000B8BA54 /* LaunchScreen.storyboard */ = {
			isa = PBXVariantGroup;
			children = (
				D389B57B241005C000B8BA54 /* Base */,
			);
			name = LaunchScreen.storyboard;
			sourceTree = "<group>";
		};
/* End PBXVariantGroup section */

/* Begin XCBuildConfiguration section */
		D389B57E241005C000B8BA54 /* Debug */ = {
			isa = XCBuildConfiguration;
			buildSettings = {
				ALWAYS_SEARCH_USER_PATHS = NO;
				CLANG_ANALYZER_NONNULL = YES;
				CLANG_ANALYZER_NUMBER_OBJECT_CONVERSION = YES_AGGRESSIVE;
				CLANG_CXX_LANGUAGE_STANDARD = "gnu++14";
				CLANG_CXX_LIBRARY = "libc++";
				CLANG_ENABLE_MODULES = YES;
				CLANG_ENABLE_OBJC_ARC = YES;
				CLANG_ENABLE_OBJC_WEAK = YES;
				CLANG_WARN_BLOCK_CAPTURE_AUTORELEASING = YES;
				CLANG_WARN_BOOL_CONVERSION = YES;
				CLANG_WARN_COMMA = YES;
				CLANG_WARN_CONSTANT_CONVERSION = YES;
				CLANG_WARN_DEPRECATED_OBJC_IMPLEMENTATIONS = YES;
				CLANG_WARN_DIRECT_OBJC_ISA_USAGE = YES_ERROR;
				CLANG_WARN_DOCUMENTATION_COMMENTS = YES;
				CLANG_WARN_EMPTY_BODY = YES;
				CLANG_WARN_ENUM_CONVERSION = YES;
				CLANG_WARN_INFINITE_RECURSION = YES;
				CLANG_WARN_INT_CONVERSION = YES;
				CLANG_WARN_NON_LITERAL_NULL_CONVERSION = YES;
				CLANG_WARN_OBJC_IMPLICIT_RETAIN_SELF = YES;
				CLANG_WARN_OBJC_LITERAL_CONVERSION = YES;
				CLANG_WARN_OBJC_ROOT_CLASS = YES_ERROR;
				CLANG_WARN_QUOTED_INCLUDE_IN_FRAMEWORK_HEADER = YES;
				CLANG_WARN_RANGE_LOOP_ANALYSIS = YES;
				CLANG_WARN_STRICT_PROTOTYPES = YES;
				CLANG_WARN_SUSPICIOUS_MOVE = YES;
				CLANG_WARN_UNGUARDED_AVAILABILITY = YES_AGGRESSIVE;
				CLANG_WARN_UNREACHABLE_CODE = YES;
				CLANG_WARN__DUPLICATE_METHOD_MATCH = YES;
				COPY_PHASE_STRIP = NO;
				DEBUG_INFORMATION_FORMAT = dwarf;
				ENABLE_STRICT_OBJC_MSGSEND = YES;
				ENABLE_TESTABILITY = YES;
				EXCLUDED_ARCHS = arm64;
				"EXCLUDED_ARCHS[sdk=iphonesimulator*]" = arm64;
				GCC_C_LANGUAGE_STANDARD = gnu11;
				GCC_DYNAMIC_NO_PIC = NO;
				GCC_NO_COMMON_BLOCKS = YES;
				GCC_OPTIMIZATION_LEVEL = 0;
				GCC_PREPROCESSOR_DEFINITIONS = (
					"DEBUG=1",
					"$(inherited)",
				);
				GCC_WARN_64_TO_32_BIT_CONVERSION = YES;
				GCC_WARN_ABOUT_RETURN_TYPE = YES_ERROR;
				GCC_WARN_UNDECLARED_SELECTOR = YES;
				GCC_WARN_UNINITIALIZED_AUTOS = YES_AGGRESSIVE;
				GCC_WARN_UNUSED_FUNCTION = YES;
				GCC_WARN_UNUSED_VARIABLE = YES;
				IPHONEOS_DEPLOYMENT_TARGET = 14.0;
				MTL_ENABLE_DEBUG_INFO = INCLUDE_SOURCE;
				MTL_FAST_MATH = YES;
				ONLY_ACTIVE_ARCH = YES;
				SDKROOT = iphoneos;
				SWIFT_ACTIVE_COMPILATION_CONDITIONS = DEBUG;
				SWIFT_OPTIMIZATION_LEVEL = "-Onone";
			};
			name = Debug;
		};
		D389B57F241005C000B8BA54 /* Release */ = {
			isa = XCBuildConfiguration;
			buildSettings = {
				ALWAYS_SEARCH_USER_PATHS = NO;
				CLANG_ANALYZER_NONNULL = YES;
				CLANG_ANALYZER_NUMBER_OBJECT_CONVERSION = YES_AGGRESSIVE;
				CLANG_CXX_LANGUAGE_STANDARD = "gnu++14";
				CLANG_CXX_LIBRARY = "libc++";
				CLANG_ENABLE_MODULES = YES;
				CLANG_ENABLE_OBJC_ARC = YES;
				CLANG_ENABLE_OBJC_WEAK = YES;
				CLANG_WARN_BLOCK_CAPTURE_AUTORELEASING = YES;
				CLANG_WARN_BOOL_CONVERSION = YES;
				CLANG_WARN_COMMA = YES;
				CLANG_WARN_CONSTANT_CONVERSION = YES;
				CLANG_WARN_DEPRECATED_OBJC_IMPLEMENTATIONS = YES;
				CLANG_WARN_DIRECT_OBJC_ISA_USAGE = YES_ERROR;
				CLANG_WARN_DOCUMENTATION_COMMENTS = YES;
				CLANG_WARN_EMPTY_BODY = YES;
				CLANG_WARN_ENUM_CONVERSION = YES;
				CLANG_WARN_INFINITE_RECURSION = YES;
				CLANG_WARN_INT_CONVERSION = YES;
				CLANG_WARN_NON_LITERAL_NULL_CONVERSION = YES;
				CLANG_WARN_OBJC_IMPLICIT_RETAIN_SELF = YES;
				CLANG_WARN_OBJC_LITERAL_CONVERSION = YES;
				CLANG_WARN_OBJC_ROOT_CLASS = YES_ERROR;
				CLANG_WARN_QUOTED_INCLUDE_IN_FRAMEWORK_HEADER = YES;
				CLANG_WARN_RANGE_LOOP_ANALYSIS = YES;
				CLANG_WARN_STRICT_PROTOTYPES = YES;
				CLANG_WARN_SUSPICIOUS_MOVE = YES;
				CLANG_WARN_UNGUARDED_AVAILABILITY = YES_AGGRESSIVE;
				CLANG_WARN_UNREACHABLE_CODE = YES;
				CLANG_WARN__DUPLICATE_METHOD_MATCH = YES;
				COPY_PHASE_STRIP = NO;
				DEBUG_INFORMATION_FORMAT = "dwarf-with-dsym";
				ENABLE_NS_ASSERTIONS = NO;
				ENABLE_STRICT_OBJC_MSGSEND = YES;
				EXCLUDED_ARCHS = arm64;
				"EXCLUDED_ARCHS[sdk=iphonesimulator*]" = arm64;
				GCC_C_LANGUAGE_STANDARD = gnu11;
				GCC_NO_COMMON_BLOCKS = YES;
				GCC_WARN_64_TO_32_BIT_CONVERSION = YES;
				GCC_WARN_ABOUT_RETURN_TYPE = YES_ERROR;
				GCC_WARN_UNDECLARED_SELECTOR = YES;
				GCC_WARN_UNINITIALIZED_AUTOS = YES_AGGRESSIVE;
				GCC_WARN_UNUSED_FUNCTION = YES;
				GCC_WARN_UNUSED_VARIABLE = YES;
				IPHONEOS_DEPLOYMENT_TARGET = 14.0;
				MTL_ENABLE_DEBUG_INFO = NO;
				MTL_FAST_MATH = YES;
				ONLY_ACTIVE_ARCH = YES;
				SDKROOT = iphoneos;
				SWIFT_COMPILATION_MODE = wholemodule;
				SWIFT_OPTIMIZATION_LEVEL = "-O";
				VALIDATE_PRODUCT = YES;
			};
			name = Release;
		};
		D389B581241005C000B8BA54 /* Debug */ = {
			isa = XCBuildConfiguration;
			buildSettings = {
				ASSETCATALOG_COMPILER_APPICON_NAME = AppIcon;
				CODE_SIGN_ENTITLEMENTS = collector/collector.entitlements;
				CODE_SIGN_STYLE = Automatic;
				CURRENT_PROJECT_VERSION = 1;
				DEAD_CODE_STRIPPING = NO;
				DEVELOPMENT_TEAM = G7LZS3A2QC;
				EXCLUDED_ARCHS = "";
				FRAMEWORK_SEARCH_PATHS = "";
				INFOPLIST_FILE = collector/Info.plist;
				LD_RUNPATH_SEARCH_PATHS = (
					"$(inherited)",
					"@executable_path/Frameworks",
				);
				MARKETING_VERSION = 1.0.3;
				PRODUCT_BUNDLE_IDENTIFIER = com.brianarend.gameology;
				PRODUCT_NAME = "$(TARGET_NAME)";
				SWIFT_VERSION = 5.0;
				TARGETED_DEVICE_FAMILY = "1,2";
			};
			name = Debug;
		};
		D389B582241005C000B8BA54 /* Release */ = {
			isa = XCBuildConfiguration;
			buildSettings = {
				ASSETCATALOG_COMPILER_APPICON_NAME = AppIcon;
				CODE_SIGN_ENTITLEMENTS = collector/collector.entitlements;
				CODE_SIGN_STYLE = Automatic;
				CURRENT_PROJECT_VERSION = 1;
				DEAD_CODE_STRIPPING = NO;
				DEVELOPMENT_TEAM = G7LZS3A2QC;
				"EXCLUDED_ARCHS[sdk=*]" = "";
				FRAMEWORK_SEARCH_PATHS = "";
				"FRAMEWORK_SEARCH_PATHS[arch=*]" = "";
				INFOPLIST_FILE = collector/Info.plist;
				LD_RUNPATH_SEARCH_PATHS = (
					"$(inherited)",
					"@executable_path/Frameworks",
				);
				MARKETING_VERSION = 1.0.3;
				PRODUCT_BUNDLE_IDENTIFIER = com.brianarend.gameology;
				PRODUCT_NAME = "$(TARGET_NAME)";
				SWIFT_VERSION = 5.0;
				TARGETED_DEVICE_FAMILY = "1,2";
			};
			name = Release;
		};
/* End XCBuildConfiguration section */

/* Begin XCConfigurationList section */
		D389B567241005B900B8BA54 /* Build configuration list for PBXProject "gameology" */ = {
			isa = XCConfigurationList;
			buildConfigurations = (
				D389B57E241005C000B8BA54 /* Debug */,
				D389B57F241005C000B8BA54 /* Release */,
			);
			defaultConfigurationIsVisible = 0;
			defaultConfigurationName = Release;
		};
		D389B580241005C000B8BA54 /* Build configuration list for PBXNativeTarget "gameology" */ = {
			isa = XCConfigurationList;
			buildConfigurations = (
				D389B581241005C000B8BA54 /* Debug */,
				D389B582241005C000B8BA54 /* Release */,
			);
			defaultConfigurationIsVisible = 0;
			defaultConfigurationName = Release;
		};
/* End XCConfigurationList section */

/* Begin XCRemoteSwiftPackageReference section */
		D313B8032509B61000967AB9 /* XCRemoteSwiftPackageReference "SDWebImage" */ = {
			isa = XCRemoteSwiftPackageReference;
			repositoryURL = "https://github.com/SDWebImage/SDWebImage.git";
			requirement = {
				kind = upToNextMajorVersion;
				minimumVersion = 5.12.1;
			};
		};
		D316403526C60E2C0060B5AD /* XCRemoteSwiftPackageReference "lottie-ios" */ = {
			isa = XCRemoteSwiftPackageReference;
			repositoryURL = "https://github.com/airbnb/lottie-ios";
			requirement = {
				kind = upToNextMajorVersion;
				minimumVersion = 3.2.3;
			};
		};
		D3324527255BA70800484836 /* XCRemoteSwiftPackageReference "Parchment" */ = {
			isa = XCRemoteSwiftPackageReference;
			repositoryURL = "https://github.com/rechsteiner/Parchment";
			requirement = {
				kind = upToNextMajorVersion;
				minimumVersion = 3.1.0;
			};
		};
		D345C47526F1988500C357C5 /* XCRemoteSwiftPackageReference "BarcodeScanner" */ = {
			isa = XCRemoteSwiftPackageReference;
			repositoryURL = "https://github.com/hyperoslo/BarcodeScanner";
			requirement = {
				kind = upToNextMajorVersion;
				minimumVersion = 5.0.1;
			};
		};
		D361FB7026FA9A2500C41380 /* XCRemoteSwiftPackageReference "SwiftSoup" */ = {
			isa = XCRemoteSwiftPackageReference;
			repositoryURL = "https://github.com/scinfu/SwiftSoup";
			requirement = {
				kind = upToNextMajorVersion;
				minimumVersion = 2.3.3;
			};
		};
		D3728775254F39BA006F28A8 /* XCRemoteSwiftPackageReference "NVActivityIndicatorView" */ = {
			isa = XCRemoteSwiftPackageReference;
			repositoryURL = "https://github.com/ninjaprox/NVActivityIndicatorView.git";
			requirement = {
				kind = upToNextMajorVersion;
				minimumVersion = 5.1.1;
			};
		};
		D37F78AF2549DE6B00FA1AB2 /* XCRemoteSwiftPackageReference "MultiSlider" */ = {
			isa = XCRemoteSwiftPackageReference;
			repositoryURL = "https://github.com/yonat/MultiSlider";
			requirement = {
				kind = upToNextMajorVersion;
				minimumVersion = 1.10.12;
			};
		};
		D39DAC7325DF86DF007D3B84 /* XCRemoteSwiftPackageReference "SPAlert" */ = {
			isa = XCRemoteSwiftPackageReference;
			repositoryURL = "https://github.com/varabeis/SPAlert";
			requirement = {
				kind = upToNextMajorVersion;
				minimumVersion = 3.0.3;
			};
		};
		D39EB8E326D72AEE00E88166 /* XCRemoteSwiftPackageReference "AcknowList" */ = {
			isa = XCRemoteSwiftPackageReference;
			repositoryURL = "https://github.com/vtourraine/AcknowList";
			requirement = {
				kind = upToNextMajorVersion;
				minimumVersion = 2.0.3;
			};
		};
		D3A2B11827474A1200B0BBD0 /* XCRemoteSwiftPackageReference "YoutubePlayer" */ = {
			isa = XCRemoteSwiftPackageReference;
			repositoryURL = "https://github.com/NicholasMata/YoutubePlayer";
			requirement = {
				kind = upToNextMajorVersion;
				minimumVersion = 0.5.5;
			};
		};
		D3DDA2A026BF7F05009995A5 /* XCRemoteSwiftPackageReference "SPM-Acknowledgments" */ = {
			isa = XCRemoteSwiftPackageReference;
			repositoryURL = "https://github.com/timroesner/SPM-Acknowledgments";
			requirement = {
				kind = upToNextMajorVersion;
				minimumVersion = 1.0.0;
			};
		};
/* End XCRemoteSwiftPackageReference section */

/* Begin XCSwiftPackageProductDependency section */
		D313B8042509B61000967AB9 /* SDWebImage */ = {
			isa = XCSwiftPackageProductDependency;
			package = D313B8032509B61000967AB9 /* XCRemoteSwiftPackageReference "SDWebImage" */;
			productName = SDWebImage;
		};
		D316403626C60E2D0060B5AD /* Lottie */ = {
			isa = XCSwiftPackageProductDependency;
			package = D316403526C60E2C0060B5AD /* XCRemoteSwiftPackageReference "lottie-ios" */;
			productName = Lottie;
		};
		D3324528255BA70800484836 /* Parchment */ = {
			isa = XCSwiftPackageProductDependency;
			package = D3324527255BA70800484836 /* XCRemoteSwiftPackageReference "Parchment" */;
			productName = Parchment;
		};
		D345C47626F1988500C357C5 /* BarcodeScanner */ = {
			isa = XCSwiftPackageProductDependency;
			package = D345C47526F1988500C357C5 /* XCRemoteSwiftPackageReference "BarcodeScanner" */;
			productName = BarcodeScanner;
		};
		D361FB7126FA9A2500C41380 /* SwiftSoup */ = {
			isa = XCSwiftPackageProductDependency;
			package = D361FB7026FA9A2500C41380 /* XCRemoteSwiftPackageReference "SwiftSoup" */;
			productName = SwiftSoup;
		};
		D3728776254F39BA006F28A8 /* NVActivityIndicatorView */ = {
			isa = XCSwiftPackageProductDependency;
			package = D3728775254F39BA006F28A8 /* XCRemoteSwiftPackageReference "NVActivityIndicatorView" */;
			productName = NVActivityIndicatorView;
		};
		D3728778254F39BA006F28A8 /* NVActivityIndicatorViewExtended */ = {
			isa = XCSwiftPackageProductDependency;
			package = D3728775254F39BA006F28A8 /* XCRemoteSwiftPackageReference "NVActivityIndicatorView" */;
			productName = NVActivityIndicatorViewExtended;
		};
		D37F78B02549DE6B00FA1AB2 /* MultiSlider */ = {
			isa = XCSwiftPackageProductDependency;
			package = D37F78AF2549DE6B00FA1AB2 /* XCRemoteSwiftPackageReference "MultiSlider" */;
			productName = MultiSlider;
		};
		D39DAC7425DF86E0007D3B84 /* SPAlert */ = {
			isa = XCSwiftPackageProductDependency;
			package = D39DAC7325DF86DF007D3B84 /* XCRemoteSwiftPackageReference "SPAlert" */;
			productName = SPAlert;
		};
		D39EB8E426D72AEE00E88166 /* AcknowList */ = {
			isa = XCSwiftPackageProductDependency;
			package = D39EB8E326D72AEE00E88166 /* XCRemoteSwiftPackageReference "AcknowList" */;
			productName = AcknowList;
		};
		D3A2B11927474A1200B0BBD0 /* YoutubePlayer */ = {
			isa = XCSwiftPackageProductDependency;
			package = D3A2B11827474A1200B0BBD0 /* XCRemoteSwiftPackageReference "YoutubePlayer" */;
			productName = YoutubePlayer;
		};
		D3DDA2A126BF7F07009995A5 /* SPM-Acknowledgments */ = {
			isa = XCSwiftPackageProductDependency;
			package = D3DDA2A026BF7F05009995A5 /* XCRemoteSwiftPackageReference "SPM-Acknowledgments" */;
			productName = "SPM-Acknowledgments";
		};
/* End XCSwiftPackageProductDependency section */

/* Begin XCVersionGroup section */
		D38C4873253B5FDE00DE93BC /* Collector.xcdatamodeld */ = {
			isa = XCVersionGroup;
			children = (
				D38C4874253B5FDE00DE93BC /* Collector 2.xcdatamodel */,
			);
			currentVersion = D38C4874253B5FDE00DE93BC /* Collector 2.xcdatamodel */;
			path = Collector.xcdatamodeld;
			sourceTree = "<group>";
			versionGroupType = wrapper.xcdatamodel;
		};
/* End XCVersionGroup section */
	};
	rootObject = D389B564241005B900B8BA54 /* Project object */;
}
