{
  "object": {
    "pins": [
      {
        "package": "AvailableHapticFeedback",
        "repositoryURL": "https://github.com/yonat/AvailableHapticFeedback",
        "state": {
          "branch": null,
          "revision": "f9ae6d54af1fb06fff0ddb16246091c6de22f989",
          "version": "1.0.2"
        }
      },
      {
        "package": "MultiSlider",
        "repositoryURL": "https://github.com/yonat/MultiSlider",
        "state": {
          "branch": null,
          "revision": "b09a7bc09fd1858f9535fe6a1d00033d28bee799",
          "version": "1.10.12"
        }
      },
      {
        "package": "NVActivityIndicatorView",
        "repositoryURL": "https://github.com/ninjaprox/NVActivityIndicatorView.git",
        "state": {
          "branch": null,
          "revision": "bcb52371f2259254bac6690f92bb474a61768c47",
          "version": "5.1.1"
        }
      },
      {
        "package": "Parchment",
        "repositoryURL": "https://github.com/rechsteiner/Parchment",
        "state": {
          "branch": null,
          "revision": "af4c9773ad7833df93b3f6226ccd78acad6f5735",
          "version": "2.4.0"
        }
      },
      {
        "package": "SDWebImage",
        "repositoryURL": "https://github.com/SDWebImage/SDWebImage.git",
        "state": {
          "branch": null,
          "revision": "ae3d0a7703eb883a876864f17a4591158199e9f2",
          "version": "5.9.0"
        }
      },
      {
        "package": "SPAlert",
        "repositoryURL": "https://github.com/varabeis/SPAlert",
        "state": {
          "branch": null,
          "revision": "0c28dc4aa42c4f2c1cef7ad892d5d6ecbb30ebd2",
          "version": "3.0.3"
        }
      },
      {
        "package": "SweeterSwift",
        "repositoryURL": "https://github.com/yonat/SweeterSwift",
        "state": {
          "branch": null,
          "revision": "783afac9c3492e905ab3f5afea4069a737edfc40",
          "version": "1.1.4"
        }
      }
    ]
  },
  "version": 1
}
